// !$*UTF8*$!
{
	archiveVersion = 1;
	classes = {
	};
	objectVersion = 77;
	objects = {

/* Begin PBXBuildFile section */
		000336C1E815F679BE391609 /* DescriptionImprovement.swift in Sources */ = {isa = PBXBuildFile; fileRef = 7EEEF39D0AC74B7F9FEB7319 /* DescriptionImprovement.swift */; };
		053D6A4DA7EEA1D7DE261AE0 /* CoverImageStore.swift in Sources */ = {isa = PBXBuildFile; fileRef = AE7E326CB2C969A81AE0646A /* CoverImageStore.swift */; };
		08F145FA5011259A60A2BC05 /* AskSuggestions.swift in Sources */ = {isa = PBXBuildFile; fileRef = B1DD9106F2F7BA4FC28006E1 /* AskSuggestions.swift */; };
		09F88F4E689B4A6BA33EFD80 /* SyncTests.swift in Sources */ = {isa = PBXBuildFile; fileRef = 9B80C9AE1045CF5DCCDEDF2F /* SyncTests.swift */; };
		1D227A84A443CE7DBBF3C546 /* ZipArchive.swift in Sources */ = {isa = PBXBuildFile; fileRef = BAE4766D3B7B69FC70AA5FED /* ZipArchive.swift */; };
		213A58271FFA15D7825040D9 /* LibraryViewModel.swift in Sources */ = {isa = PBXBuildFile; fileRef = 93F9FCFC1D683F9F63B7ED5B /* LibraryViewModel.swift */; };
		23446AA2093D6D1DF964DCE2 /* Persistence.swift in Sources */ = {isa = PBXBuildFile; fileRef = 3BECBAE066EF4A05F33A7576 /* Persistence.swift */; };
		3721FF80627B5972661BC096 /* ShelfCategorizer.swift in Sources */ = {isa = PBXBuildFile; fileRef = F58856651ED12B7821246983 /* ShelfCategorizer.swift */; };
		3E1B70428ED02FC7ADECABA2 /* LibraryView.swift in Sources */ = {isa = PBXBuildFile; fileRef = 479F167FA4D4909D64A9776B /* LibraryView.swift */; };
		3F6CDA65D5064229C183B4A9 /* ISBNScannerView.swift in Sources */ = {isa = PBXBuildFile; fileRef = 06FB9E9C79C3D1AAF67B49B4 /* ISBNScannerView.swift */; };
		44873906AE2241D5902C09CB /* PhotoCropView.swift in Sources */ = {isa = PBXBuildFile; fileRef = D8D13E465719FF80F0A10F54 /* PhotoCropView.swift */; };
		487826298A0FC7013B446583 /* User.swift in Sources */ = {isa = PBXBuildFile; fileRef = D9F1799A7E99E9EE23090A3F /* User.swift */; };
		48C184644350385B2C0D7829 /* AppleIntelligenceProvider.swift in Sources */ = {isa = PBXBuildFile; fileRef = 4B35B01FCD85BDC304C10910 /* AppleIntelligenceProvider.swift */; };
		4AFD8127315354E6B8B70CD2 /* SyncSettings.swift in Sources */ = {isa = PBXBuildFile; fileRef = 3FAAADB64DDB030CCC9F307E /* SyncSettings.swift */; };
		4DED8832C0944E3A26296EF8 /* BookNexusApp.swift in Sources */ = {isa = PBXBuildFile; fileRef = 941B2DD1050ACAE4E9745A98 /* BookNexusApp.swift */; };
		5230248279AD3B3B56BB1AA5 /* LibraryDataServiceTests.swift in Sources */ = {isa = PBXBuildFile; fileRef = 00CDDBF2563BF734AC13F320 /* LibraryDataServiceTests.swift */; };
		56354CE53D12EC9AD8638BEF /* LibraryDataService.swift in Sources */ = {isa = PBXBuildFile; fileRef = 8CB1362C8B8BD5B6600FDF7A /* LibraryDataService.swift */; };
		57E31A54F5DC33D83BCD4432 /* CatalogService.swift in Sources */ = {isa = PBXBuildFile; fileRef = BCC3FAFB30EF2E138F56F252 /* CatalogService.swift */; };
		5E2C3FA26AF1E3B3DCC4E499 /* AIModels.swift in Sources */ = {isa = PBXBuildFile; fileRef = 09BB017607934B8A1251606A /* AIModels.swift */; };
		5F4096B1A7BBC0CEE8E66DFF /* AIService.swift in Sources */ = {isa = PBXBuildFile; fileRef = 14D52FCA11B8F9F348B3773A /* AIService.swift */; };
		6DA3DF2B511D016486DC8A23 /* AIFeaturesTests.swift in Sources */ = {isa = PBXBuildFile; fileRef = 7CACAFEB7C9607842138FC93 /* AIFeaturesTests.swift */; };
		74AE52020D09D5E23E152B03 /* AuthService.swift in Sources */ = {isa = PBXBuildFile; fileRef = 19F634236D2E25996ABFAF7E /* AuthService.swift */; };
		78F338101414D83FAAC7B0B3 /* BookFormView.swift in Sources */ = {isa = PBXBuildFile; fileRef = 33EF2D5991F14BE64B336D96 /* BookFormView.swift */; };
		7DA2104E3CA7BD3A1D9C5A78 /* ScanQueueStore.swift in Sources */ = {isa = PBXBuildFile; fileRef = 2B0405C54238ECDC073B5E73 /* ScanQueueStore.swift */; };
		7E2FA0F74EC58B2CD575BCC0 /* Connection.swift in Sources */ = {isa = PBXBuildFile; fileRef = 4081CCAF7239F1FEE720B2ED /* Connection.swift */; };
		8171B07342C8F77A5A081F94 /* AddBookView.swift in Sources */ = {isa = PBXBuildFile; fileRef = 07963244E0A5CBAFF3685B76 /* AddBookView.swift */; };
		86A583012566B0E63489B2DC /* LocationStore.swift in Sources */ = {isa = PBXBuildFile; fileRef = C743DD9BC9974475BD485779 /* LocationStore.swift */; };
		88A65217368FC591DC3B5396 /* BookDetailView.swift in Sources */ = {isa = PBXBuildFile; fileRef = AA71BCA2022D2862829348EC /* BookDetailView.swift */; };
		8E06109D646E9A01E3B4BB05 /* Book.swift in Sources */ = {isa = PBXBuildFile; fileRef = 40C1DCDE47ED67E664790114 /* Book.swift */; };
		920C82DAD50165D12BCE721B /* ShelfCategoriesView.swift in Sources */ = {isa = PBXBuildFile; fileRef = A469275BBDB2C16FA03D1714 /* ShelfCategoriesView.swift */; };
		93A207881B47EF56E1F10B84 /* ShelfCategorizerTests.swift in Sources */ = {isa = PBXBuildFile; fileRef = B233F31F02D129B1A78C1B97 /* ShelfCategorizerTests.swift */; };
		95AB138620E3799EAC0D17FD /* BookNexusUITests.swift in Sources */ = {isa = PBXBuildFile; fileRef = 1C42CB91A5CE156BF1BBF476 /* BookNexusUITests.swift */; };
		987B77E5B2E31037BAF2CA4F /* GenreStore.swift in Sources */ = {isa = PBXBuildFile; fileRef = 93FCBC84DCB9CD2FF86A129E /* GenreStore.swift */; };
		997C6E71BD43FA6B85E0D476 /* MarkdownUI in Frameworks */ = {isa = PBXBuildFile; productRef = 04ACE7F5E353C06A2D8C9B02 /* MarkdownUI */; };
		A4D5526BA0DDA1751D1D7225 /* LibraryRetriever.swift in Sources */ = {isa = PBXBuildFile; fileRef = B83183F1412034C5249A5C93 /* LibraryRetriever.swift */; };
		AA4D8795F2164997CE6875B4 /* BookNexusTests.swift in Sources */ = {isa = PBXBuildFile; fileRef = 65813D2A2D5A312DFCED7CF9 /* BookNexusTests.swift */; };
		AAE9A9A710C8C766BA660B19 /* RootView.swift in Sources */ = {isa = PBXBuildFile; fileRef = 8B7A776C41705A6CB7A15A49 /* RootView.swift */; };
		AB61CE21B31CF6C32CE2A043 /* Note.swift in Sources */ = {isa = PBXBuildFile; fileRef = 07E94C93E532B33EA592F1EB /* Note.swift */; };
		BC4BEAE2416EE87718ACDC26 /* AIAskView.swift in Sources */ = {isa = PBXBuildFile; fileRef = FEDD74F1A43FCD94EDDEB4F6 /* AIAskView.swift */; };
		C14ADE649CE118927A9375DE /* SettingsView.swift in Sources */ = {isa = PBXBuildFile; fileRef = 142ED389ED138762597BEC0F /* SettingsView.swift */; };
		C1B5391196F9887E6C4EA087 /* OpenAICompatibleProvider.swift in Sources */ = {isa = PBXBuildFile; fileRef = 70D10C87BE8E0D0FD5C243BF /* OpenAICompatibleProvider.swift */; };
		C2186FBF883F33F9720E4C00 /* AILog.swift in Sources */ = {isa = PBXBuildFile; fileRef = EA352B2ACB33FB6DB3838EC8 /* AILog.swift */; };
		CA6AEF54D4F207015ABD76C3 /* GenreCleanup.swift in Sources */ = {isa = PBXBuildFile; fileRef = 979A367A45B0D87E6C7C617F /* GenreCleanup.swift */; };
		DC446481A878EFABD9DDA09B /* ScanQueueStoreTests.swift in Sources */ = {isa = PBXBuildFile; fileRef = B82E0D75EF283F5BC56D521A /* ScanQueueStoreTests.swift */; };
		E039256789524685544238F4 /* AIConfig.swift in Sources */ = {isa = PBXBuildFile; fileRef = 42BA645B8D9F8EE7D0843172 /* AIConfig.swift */; };
		E31B410542DC6881F02A1807 /* SyncCoordinator.swift in Sources */ = {isa = PBXBuildFile; fileRef = 7A30ADE0D20FEA1692E407CB /* SyncCoordinator.swift */; };
		E7EDF16C4AEE314A788AFF95 /* LibrarySync.swift in Sources */ = {isa = PBXBuildFile; fileRef = F813FC7967B94AEFA911CF4E /* LibrarySync.swift */; };
		E953E8BE36ABF0C51F8F84E2 /* ReadingList.swift in Sources */ = {isa = PBXBuildFile; fileRef = 2D0B3560429372162C83A82A /* ReadingList.swift */; };
		EA4CD0A18A0E879612CDAA20 /* GenreCleanupView.swift in Sources */ = {isa = PBXBuildFile; fileRef = E3C1F5B0FFD72FCDC259B256 /* GenreCleanupView.swift */; };
		EDF93725108BD8CC79820C39 /* AITests.swift in Sources */ = {isa = PBXBuildFile; fileRef = 75AA576FCBE7A0035D78DAC8 /* AITests.swift */; };
		F14C705A62F2C81EBEEF4B23 /* ConversationMemory.swift in Sources */ = {isa = PBXBuildFile; fileRef = 65CB04629C627D51DCBFC9CF /* ConversationMemory.swift */; };
		F1B6C4200EEBC0004D173763 /* LibraryExportDTOs.swift in Sources */ = {isa = PBXBuildFile; fileRef = AD18FEC58EA8AC9EA08D6EB2 /* LibraryExportDTOs.swift */; };
		F1FFA880481D050874F2CC74 /* SyncProvider.swift in Sources */ = {isa = PBXBuildFile; fileRef = 51A8B5BBCEC34C88F6C07C88 /* SyncProvider.swift */; };
		F67770AFA24ABA1B6830DE46 /* LibraryContext.swift in Sources */ = {isa = PBXBuildFile; fileRef = 8E86167FD5411E0B5D28F468 /* LibraryContext.swift */; };
		FBD02930C22165FB4952717B /* ExportFormatGuide.swift in Sources */ = {isa = PBXBuildFile; fileRef = 3F3C5EAEAF435F572633AA09 /* ExportFormatGuide.swift */; };
/* End PBXBuildFile section */

/* Begin PBXContainerItemProxy section */
		12FE55AE726CD10BF3907BB4 /* PBXContainerItemProxy */ = {
			isa = PBXContainerItemProxy;
			containerPortal = D8DA322D3B87A0FC45490C8F /* Project object */;
			proxyType = 1;
			remoteGlobalIDString = 57972BB0464D334D5C67DB16;
			remoteInfo = BookNexus;
		};
		1DB423A3293D46B711FD6D35 /* PBXContainerItemProxy */ = {
			isa = PBXContainerItemProxy;
			containerPortal = D8DA322D3B87A0FC45490C8F /* Project object */;
			proxyType = 1;
			remoteGlobalIDString = 57972BB0464D334D5C67DB16;
			remoteInfo = BookNexus;
		};
/* End PBXContainerItemProxy section */

/* Begin PBXFileReference section */
		00CDDBF2563BF734AC13F320 /* LibraryDataServiceTests.swift */ = {isa = PBXFileReference; lastKnownFileType = sourcecode.swift; path = LibraryDataServiceTests.swift; sourceTree = "<group>"; };
		06FB9E9C79C3D1AAF67B49B4 /* ISBNScannerView.swift */ = {isa = PBXFileReference; lastKnownFileType = sourcecode.swift; path = ISBNScannerView.swift; sourceTree = "<group>"; };
		07963244E0A5CBAFF3685B76 /* AddBookView.swift */ = {isa = PBXFileReference; lastKnownFileType = sourcecode.swift; path = AddBookView.swift; sourceTree = "<group>"; };
		07E94C93E532B33EA592F1EB /* Note.swift */ = {isa = PBXFileReference; lastKnownFileType = sourcecode.swift; path = Note.swift; sourceTree = "<group>"; };
		09BB017607934B8A1251606A /* AIModels.swift */ = {isa = PBXFileReference; lastKnownFileType = sourcecode.swift; path = AIModels.swift; sourceTree = "<group>"; };
		142ED389ED138762597BEC0F /* SettingsView.swift */ = {isa = PBXFileReference; lastKnownFileType = sourcecode.swift; path = SettingsView.swift; sourceTree = "<group>"; };
		14D52FCA11B8F9F348B3773A /* AIService.swift */ = {isa = PBXFileReference; lastKnownFileType = sourcecode.swift; path = AIService.swift; sourceTree = "<group>"; };
		19F634236D2E25996ABFAF7E /* AuthService.swift */ = {isa = PBXFileReference; lastKnownFileType = sourcecode.swift; path = AuthService.swift; sourceTree = "<group>"; };
		1C42CB91A5CE156BF1BBF476 /* BookNexusUITests.swift */ = {isa = PBXFileReference; lastKnownFileType = sourcecode.swift; path = BookNexusUITests.swift; sourceTree = "<group>"; };
		2B0405C54238ECDC073B5E73 /* ScanQueueStore.swift */ = {isa = PBXFileReference; lastKnownFileType = sourcecode.swift; path = ScanQueueStore.swift; sourceTree = "<group>"; };
		2D0B3560429372162C83A82A /* ReadingList.swift */ = {isa = PBXFileReference; lastKnownFileType = sourcecode.swift; path = ReadingList.swift; sourceTree = "<group>"; };
		33EF2D5991F14BE64B336D96 /* BookFormView.swift */ = {isa = PBXFileReference; lastKnownFileType = sourcecode.swift; path = BookFormView.swift; sourceTree = "<group>"; };
		3BECBAE066EF4A05F33A7576 /* Persistence.swift */ = {isa = PBXFileReference; lastKnownFileType = sourcecode.swift; path = Persistence.swift; sourceTree = "<group>"; };
		3F3C5EAEAF435F572633AA09 /* ExportFormatGuide.swift */ = {isa = PBXFileReference; lastKnownFileType = sourcecode.swift; path = ExportFormatGuide.swift; sourceTree = "<group>"; };
		3FAAADB64DDB030CCC9F307E /* SyncSettings.swift */ = {isa = PBXFileReference; lastKnownFileType = sourcecode.swift; path = SyncSettings.swift; sourceTree = "<group>"; };
		4081CCAF7239F1FEE720B2ED /* Connection.swift */ = {isa = PBXFileReference; lastKnownFileType = sourcecode.swift; path = Connection.swift; sourceTree = "<group>"; };
		40C1DCDE47ED67E664790114 /* Book.swift */ = {isa = PBXFileReference; lastKnownFileType = sourcecode.swift; path = Book.swift; sourceTree = "<group>"; };
		42BA645B8D9F8EE7D0843172 /* AIConfig.swift */ = {isa = PBXFileReference; lastKnownFileType = sourcecode.swift; path = AIConfig.swift; sourceTree = "<group>"; };
		479F167FA4D4909D64A9776B /* LibraryView.swift */ = {isa = PBXFileReference; lastKnownFileType = sourcecode.swift; path = LibraryView.swift; sourceTree = "<group>"; };
		480760D116E0AAFEE7C9B87E /* BookNexus.entitlements */ = {isa = PBXFileReference; lastKnownFileType = text.plist.entitlements; path = BookNexus.entitlements; sourceTree = "<group>"; };
		4B35B01FCD85BDC304C10910 /* AppleIntelligenceProvider.swift */ = {isa = PBXFileReference; lastKnownFileType = sourcecode.swift; path = AppleIntelligenceProvider.swift; sourceTree = "<group>"; };
		51A8B5BBCEC34C88F6C07C88 /* SyncProvider.swift */ = {isa = PBXFileReference; lastKnownFileType = sourcecode.swift; path = SyncProvider.swift; sourceTree = "<group>"; };
		5803E128FEAB5311F9F68675 /* Info.plist */ = {isa = PBXFileReference; lastKnownFileType = text.plist; path = Info.plist; sourceTree = "<group>"; };
		65813D2A2D5A312DFCED7CF9 /* BookNexusTests.swift */ = {isa = PBXFileReference; lastKnownFileType = sourcecode.swift; path = BookNexusTests.swift; sourceTree = "<group>"; };
		65CB04629C627D51DCBFC9CF /* ConversationMemory.swift */ = {isa = PBXFileReference; lastKnownFileType = sourcecode.swift; path = ConversationMemory.swift; sourceTree = "<group>"; };
		70D10C87BE8E0D0FD5C243BF /* OpenAICompatibleProvider.swift */ = {isa = PBXFileReference; lastKnownFileType = sourcecode.swift; path = OpenAICompatibleProvider.swift; sourceTree = "<group>"; };
		75AA576FCBE7A0035D78DAC8 /* AITests.swift */ = {isa = PBXFileReference; lastKnownFileType = sourcecode.swift; path = AITests.swift; sourceTree = "<group>"; };
		7A30ADE0D20FEA1692E407CB /* SyncCoordinator.swift */ = {isa = PBXFileReference; lastKnownFileType = sourcecode.swift; path = SyncCoordinator.swift; sourceTree = "<group>"; };
		7CACAFEB7C9607842138FC93 /* AIFeaturesTests.swift */ = {isa = PBXFileReference; lastKnownFileType = sourcecode.swift; path = AIFeaturesTests.swift; sourceTree = "<group>"; };
		7EEEF39D0AC74B7F9FEB7319 /* DescriptionImprovement.swift */ = {isa = PBXFileReference; lastKnownFileType = sourcecode.swift; path = DescriptionImprovement.swift; sourceTree = "<group>"; };
		8B7A776C41705A6CB7A15A49 /* RootView.swift */ = {isa = PBXFileReference; lastKnownFileType = sourcecode.swift; path = RootView.swift; sourceTree = "<group>"; };
		8CB1362C8B8BD5B6600FDF7A /* LibraryDataService.swift */ = {isa = PBXFileReference; lastKnownFileType = sourcecode.swift; path = LibraryDataService.swift; sourceTree = "<group>"; };
		8E86167FD5411E0B5D28F468 /* LibraryContext.swift */ = {isa = PBXFileReference; lastKnownFileType = sourcecode.swift; path = LibraryContext.swift; sourceTree = "<group>"; };
		93F9FCFC1D683F9F63B7ED5B /* LibraryViewModel.swift */ = {isa = PBXFileReference; lastKnownFileType = sourcecode.swift; path = LibraryViewModel.swift; sourceTree = "<group>"; };
		93FCBC84DCB9CD2FF86A129E /* GenreStore.swift */ = {isa = PBXFileReference; lastKnownFileType = sourcecode.swift; path = GenreStore.swift; sourceTree = "<group>"; };
		941B2DD1050ACAE4E9745A98 /* BookNexusApp.swift */ = {isa = PBXFileReference; lastKnownFileType = sourcecode.swift; path = BookNexusApp.swift; sourceTree = "<group>"; };
		979A367A45B0D87E6C7C617F /* GenreCleanup.swift */ = {isa = PBXFileReference; lastKnownFileType = sourcecode.swift; path = GenreCleanup.swift; sourceTree = "<group>"; };
		9B80C9AE1045CF5DCCDEDF2F /* SyncTests.swift */ = {isa = PBXFileReference; lastKnownFileType = sourcecode.swift; path = SyncTests.swift; sourceTree = "<group>"; };
		A469275BBDB2C16FA03D1714 /* ShelfCategoriesView.swift */ = {isa = PBXFileReference; lastKnownFileType = sourcecode.swift; path = ShelfCategoriesView.swift; sourceTree = "<group>"; };
		AA71BCA2022D2862829348EC /* BookDetailView.swift */ = {isa = PBXFileReference; lastKnownFileType = sourcecode.swift; path = BookDetailView.swift; sourceTree = "<group>"; };
		AD18FEC58EA8AC9EA08D6EB2 /* LibraryExportDTOs.swift */ = {isa = PBXFileReference; lastKnownFileType = sourcecode.swift; path = LibraryExportDTOs.swift; sourceTree = "<group>"; };
		AE7E326CB2C969A81AE0646A /* CoverImageStore.swift */ = {isa = PBXFileReference; lastKnownFileType = sourcecode.swift; path = CoverImageStore.swift; sourceTree = "<group>"; };
		B1DD9106F2F7BA4FC28006E1 /* AskSuggestions.swift */ = {isa = PBXFileReference; lastKnownFileType = sourcecode.swift; path = AskSuggestions.swift; sourceTree = "<group>"; };
		B233F31F02D129B1A78C1B97 /* ShelfCategorizerTests.swift */ = {isa = PBXFileReference; lastKnownFileType = sourcecode.swift; path = ShelfCategorizerTests.swift; sourceTree = "<group>"; };
		B82E0D75EF283F5BC56D521A /* ScanQueueStoreTests.swift */ = {isa = PBXFileReference; lastKnownFileType = sourcecode.swift; path = ScanQueueStoreTests.swift; sourceTree = "<group>"; };
		B83183F1412034C5249A5C93 /* LibraryRetriever.swift */ = {isa = PBXFileReference; lastKnownFileType = sourcecode.swift; path = LibraryRetriever.swift; sourceTree = "<group>"; };
		BAE4766D3B7B69FC70AA5FED /* ZipArchive.swift */ = {isa = PBXFileReference; lastKnownFileType = sourcecode.swift; path = ZipArchive.swift; sourceTree = "<group>"; };
		BCC3FAFB30EF2E138F56F252 /* CatalogService.swift */ = {isa = PBXFileReference; lastKnownFileType = sourcecode.swift; path = CatalogService.swift; sourceTree = "<group>"; };
		C743DD9BC9974475BD485779 /* LocationStore.swift */ = {isa = PBXFileReference; lastKnownFileType = sourcecode.swift; path = LocationStore.swift; sourceTree = "<group>"; };
		D8D13E465719FF80F0A10F54 /* PhotoCropView.swift */ = {isa = PBXFileReference; lastKnownFileType = sourcecode.swift; path = PhotoCropView.swift; sourceTree = "<group>"; };
		D9F1799A7E99E9EE23090A3F /* User.swift */ = {isa = PBXFileReference; lastKnownFileType = sourcecode.swift; path = User.swift; sourceTree = "<group>"; };
		E3C1F5B0FFD72FCDC259B256 /* GenreCleanupView.swift */ = {isa = PBXFileReference; lastKnownFileType = sourcecode.swift; path = GenreCleanupView.swift; sourceTree = "<group>"; };
		E54E5C7E59B39E7C1F1FA1D1 /* BookNexusTests.xctest */ = {isa = PBXFileReference; includeInIndex = 0; lastKnownFileType = wrapper.cfbundle; path = BookNexusTests.xctest; sourceTree = BUILT_PRODUCTS_DIR; };
		E7A56D93BB09A4617F4BCF33 /* BookNexusUITests.xctest */ = {isa = PBXFileReference; includeInIndex = 0; lastKnownFileType = wrapper.cfbundle; path = BookNexusUITests.xctest; sourceTree = BUILT_PRODUCTS_DIR; };
		EA352B2ACB33FB6DB3838EC8 /* AILog.swift */ = {isa = PBXFileReference; lastKnownFileType = sourcecode.swift; path = AILog.swift; sourceTree = "<group>"; };
		F58856651ED12B7821246983 /* ShelfCategorizer.swift */ = {isa = PBXFileReference; lastKnownFileType = sourcecode.swift; path = ShelfCategorizer.swift; sourceTree = "<group>"; };
		F813FC7967B94AEFA911CF4E /* LibrarySync.swift */ = {isa = PBXFileReference; lastKnownFileType = sourcecode.swift; path = LibrarySync.swift; sourceTree = "<group>"; };
		F9A0A589327811D6BC0451EC /* BookNexus.app */ = {isa = PBXFileReference; includeInIndex = 0; lastKnownFileType = wrapper.application; path = BookNexus.app; sourceTree = BUILT_PRODUCTS_DIR; };
		FEDD74F1A43FCD94EDDEB4F6 /* AIAskView.swift */ = {isa = PBXFileReference; lastKnownFileType = sourcecode.swift; path = AIAskView.swift; sourceTree = "<group>"; };
/* End PBXFileReference section */

/* Begin PBXFrameworksBuildPhase section */
		E76BE4A9852892437560391F /* Frameworks */ = {
			isa = PBXFrameworksBuildPhase;
			buildActionMask = 2147483647;
			files = (
				997C6E71BD43FA6B85E0D476 /* MarkdownUI in Frameworks */,
			);
			runOnlyForDeploymentPostprocessing = 0;
		};
/* End PBXFrameworksBuildPhase section */

/* Begin PBXGroup section */
		0D0800773FE3195EA9A3C758 /* Sync */ = {
			isa = PBXGroup;
			children = (
				F813FC7967B94AEFA911CF4E /* LibrarySync.swift */,
				7A30ADE0D20FEA1692E407CB /* SyncCoordinator.swift */,
				51A8B5BBCEC34C88F6C07C88 /* SyncProvider.swift */,
				3FAAADB64DDB030CCC9F307E /* SyncSettings.swift */,
			);
			path = Sync;
			sourceTree = "<group>";
		};
		1155CBDF4A99BCD54EECB555 /* Views */ = {
			isa = PBXGroup;
			children = (
				07963244E0A5CBAFF3685B76 /* AddBookView.swift */,
				FEDD74F1A43FCD94EDDEB4F6 /* AIAskView.swift */,
				AA71BCA2022D2862829348EC /* BookDetailView.swift */,
				33EF2D5991F14BE64B336D96 /* BookFormView.swift */,
				E3C1F5B0FFD72FCDC259B256 /* GenreCleanupView.swift */,
				06FB9E9C79C3D1AAF67B49B4 /* ISBNScannerView.swift */,
				479F167FA4D4909D64A9776B /* LibraryView.swift */,
				D8D13E465719FF80F0A10F54 /* PhotoCropView.swift */,
				8B7A776C41705A6CB7A15A49 /* RootView.swift */,
				142ED389ED138762597BEC0F /* SettingsView.swift */,
				A469275BBDB2C16FA03D1714 /* ShelfCategoriesView.swift */,
			);
			path = Views;
			sourceTree = "<group>";
		};
		11AF671194A960017AA6A1A9 /* ViewModels */ = {
			isa = PBXGroup;
			children = (
				93F9FCFC1D683F9F63B7ED5B /* LibraryViewModel.swift */,
			);
			path = ViewModels;
			sourceTree = "<group>";
		};
		13C4D610BC8DB05B4453BF2A = {
			isa = PBXGroup;
			children = (
				81FA1011C8BB955023DD5549 /* BookNexus */,
				990A166765E29A475B0897F4 /* BookNexusTests */,
				DBEA881FE7C1BB933D618633 /* BookNexusUITests */,
				CE2CBA910F2864DF9ED24313 /* Products */,
			);
			sourceTree = "<group>";
		};
		36C7F8DD9CEF6776262061DD /* Auth */ = {
			isa = PBXGroup;
			children = (
				19F634236D2E25996ABFAF7E /* AuthService.swift */,
			);
			path = Auth;
			sourceTree = "<group>";
		};
		3B53E736B9ABE352CFC5DB3C /* Models */ = {
			isa = PBXGroup;
			children = (
				40C1DCDE47ED67E664790114 /* Book.swift */,
				4081CCAF7239F1FEE720B2ED /* Connection.swift */,
				07E94C93E532B33EA592F1EB /* Note.swift */,
				2D0B3560429372162C83A82A /* ReadingList.swift */,
				D9F1799A7E99E9EE23090A3F /* User.swift */,
			);
			path = Models;
			sourceTree = "<group>";
		};
		81FA1011C8BB955023DD5549 /* BookNexus */ = {
			isa = PBXGroup;
			children = (
				480760D116E0AAFEE7C9B87E /* BookNexus.entitlements */,
				5803E128FEAB5311F9F68675 /* Info.plist */,
				B148346CD3999133276391B6 /* App */,
				3B53E736B9ABE352CFC5DB3C /* Models */,
				DDBC7675668DC9B7246D5775 /* Persistence */,
				F6590F32A3001250A4C8E305 /* Services */,
				11AF671194A960017AA6A1A9 /* ViewModels */,
				1155CBDF4A99BCD54EECB555 /* Views */,
			);
			path = BookNexus;
			sourceTree = "<group>";
		};
		990A166765E29A475B0897F4 /* BookNexusTests */ = {
			isa = PBXGroup;
			children = (
				7CACAFEB7C9607842138FC93 /* AIFeaturesTests.swift */,
				75AA576FCBE7A0035D78DAC8 /* AITests.swift */,
				65813D2A2D5A312DFCED7CF9 /* BookNexusTests.swift */,
				00CDDBF2563BF734AC13F320 /* LibraryDataServiceTests.swift */,
				B82E0D75EF283F5BC56D521A /* ScanQueueStoreTests.swift */,
				B233F31F02D129B1A78C1B97 /* ShelfCategorizerTests.swift */,
				9B80C9AE1045CF5DCCDEDF2F /* SyncTests.swift */,
			);
			path = BookNexusTests;
			sourceTree = "<group>";
		};
		AD40B58537E8781B7D05444F /* Export */ = {
			isa = PBXGroup;
			children = (
				3F3C5EAEAF435F572633AA09 /* ExportFormatGuide.swift */,
				8CB1362C8B8BD5B6600FDF7A /* LibraryDataService.swift */,
				AD18FEC58EA8AC9EA08D6EB2 /* LibraryExportDTOs.swift */,
				BAE4766D3B7B69FC70AA5FED /* ZipArchive.swift */,
			);
			path = Export;
			sourceTree = "<group>";
		};
		B148346CD3999133276391B6 /* App */ = {
			isa = PBXGroup;
			children = (
				941B2DD1050ACAE4E9745A98 /* BookNexusApp.swift */,
			);
			path = App;
			sourceTree = "<group>";
		};
		CE2CBA910F2864DF9ED24313 /* Products */ = {
			isa = PBXGroup;
			children = (
				F9A0A589327811D6BC0451EC /* BookNexus.app */,
				E54E5C7E59B39E7C1F1FA1D1 /* BookNexusTests.xctest */,
				E7A56D93BB09A4617F4BCF33 /* BookNexusUITests.xctest */,
			);
			name = Products;
			sourceTree = "<group>";
		};
		D210360B8AA99C125E5896FB /* AI */ = {
			isa = PBXGroup;
			children = (
				42BA645B8D9F8EE7D0843172 /* AIConfig.swift */,
				EA352B2ACB33FB6DB3838EC8 /* AILog.swift */,
				09BB017607934B8A1251606A /* AIModels.swift */,
				14D52FCA11B8F9F348B3773A /* AIService.swift */,
				4B35B01FCD85BDC304C10910 /* AppleIntelligenceProvider.swift */,
				B1DD9106F2F7BA4FC28006E1 /* AskSuggestions.swift */,
				65CB04629C627D51DCBFC9CF /* ConversationMemory.swift */,
				7EEEF39D0AC74B7F9FEB7319 /* DescriptionImprovement.swift */,
				979A367A45B0D87E6C7C617F /* GenreCleanup.swift */,
				8E86167FD5411E0B5D28F468 /* LibraryContext.swift */,
				B83183F1412034C5249A5C93 /* LibraryRetriever.swift */,
				70D10C87BE8E0D0FD5C243BF /* OpenAICompatibleProvider.swift */,
				F58856651ED12B7821246983 /* ShelfCategorizer.swift */,
			);
			path = AI;
			sourceTree = "<group>";
		};
		DBEA881FE7C1BB933D618633 /* BookNexusUITests */ = {
			isa = PBXGroup;
			children = (
				1C42CB91A5CE156BF1BBF476 /* BookNexusUITests.swift */,
			);
			path = BookNexusUITests;
			sourceTree = "<group>";
		};
		DDBC7675668DC9B7246D5775 /* Persistence */ = {
			isa = PBXGroup;
			children = (
				3BECBAE066EF4A05F33A7576 /* Persistence.swift */,
			);
			path = Persistence;
			sourceTree = "<group>";
		};
		F0007BCC6179F88F3F5B1096 /* Catalog */ = {
			isa = PBXGroup;
			children = (
				BCC3FAFB30EF2E138F56F252 /* CatalogService.swift */,
				93FCBC84DCB9CD2FF86A129E /* GenreStore.swift */,
				C743DD9BC9974475BD485779 /* LocationStore.swift */,
			);
			path = Catalog;
			sourceTree = "<group>";
		};
		F6590F32A3001250A4C8E305 /* Services */ = {
			isa = PBXGroup;
			children = (
				AE7E326CB2C969A81AE0646A /* CoverImageStore.swift */,
				2B0405C54238ECDC073B5E73 /* ScanQueueStore.swift */,
				D210360B8AA99C125E5896FB /* AI */,
				36C7F8DD9CEF6776262061DD /* Auth */,
				F0007BCC6179F88F3F5B1096 /* Catalog */,
				AD40B58537E8781B7D05444F /* Export */,
				0D0800773FE3195EA9A3C758 /* Sync */,
			);
			path = Services;
			sourceTree = "<group>";
		};
/* End PBXGroup section */

/* Begin PBXNativeTarget section */
		4AAD42513A6DD7710A68C615 /* BookNexusTests */ = {
			isa = PBXNativeTarget;
			buildConfigurationList = FF86E281206D389382DC565A /* Build configuration list for PBXNativeTarget "BookNexusTests" */;
			buildPhases = (
				F8E52D5D0799C1056DC4692A /* Sources */,
			);
			buildRules = (
			);
			dependencies = (
				5AF2E46103574E65ADD7830E /* PBXTargetDependency */,
			);
			name = BookNexusTests;
			packageProductDependencies = (
			);
			productName = BookNexusTests;
			productReference = E54E5C7E59B39E7C1F1FA1D1 /* BookNexusTests.xctest */;
			productType = "com.apple.product-type.bundle.unit-test";
		};
		57972BB0464D334D5C67DB16 /* BookNexus */ = {
			isa = PBXNativeTarget;
			buildConfigurationList = 581433FB435D130F5B035740 /* Build configuration list for PBXNativeTarget "BookNexus" */;
			buildPhases = (
				6692F37246D9BB2FC7A1C21A /* Sources */,
				E76BE4A9852892437560391F /* Frameworks */,
			);
			buildRules = (
			);
			dependencies = (
			);
			name = BookNexus;
			packageProductDependencies = (
				04ACE7F5E353C06A2D8C9B02 /* MarkdownUI */,
			);
			productName = BookNexus;
			productReference = F9A0A589327811D6BC0451EC /* BookNexus.app */;
			productType = "com.apple.product-type.application";
		};
		DEF9BD143A5A27770D12D263 /* BookNexusUITests */ = {
			isa = PBXNativeTarget;
			buildConfigurationList = 19937C54C5AB7FD3C325C106 /* Build configuration list for PBXNativeTarget "BookNexusUITests" */;
			buildPhases = (
				DFECA4BA0AF8D69C8A0534DB /* Sources */,
			);
			buildRules = (
			);
			dependencies = (
				441C4E17642F77420DAD757D /* PBXTargetDependency */,
			);
			name = BookNexusUITests;
			packageProductDependencies = (
			);
			productName = BookNexusUITests;
			productReference = E7A56D93BB09A4617F4BCF33 /* BookNexusUITests.xctest */;
			productType = "com.apple.product-type.bundle.ui-testing";
		};
/* End PBXNativeTarget section */

/* Begin PBXProject section */
		D8DA322D3B87A0FC45490C8F /* Project object */ = {
			isa = PBXProject;
			attributes = {
				BuildIndependentTargetsInParallel = YES;
				LastUpgradeCheck = 2650;
				TargetAttributes = {
					DEF9BD143A5A27770D12D263 = {
						TestTargetID = 57972BB0464D334D5C67DB16;
					};
				};
			};
			buildConfigurationList = 8DEC121DFD3CA48429FF23B2 /* Build configuration list for PBXProject "BookNexus" */;
			developmentRegion = en;
			hasScannedForEncodings = 0;
			knownRegions = (
				Base,
				en,
			);
			mainGroup = 13C4D610BC8DB05B4453BF2A;
			minimizedProjectReferenceProxies = 1;
			packageReferences = (
				459F0D04598BB8C5E54B4262 /* XCRemoteSwiftPackageReference "MarkdownUI" */,
			);
			preferredProjectObjectVersion = 77;
			productRefGroup = CE2CBA910F2864DF9ED24313 /* Products */;
			projectDirPath = "";
			projectRoot = "";
			targets = (
				57972BB0464D334D5C67DB16 /* BookNexus */,
				4AAD42513A6DD7710A68C615 /* BookNexusTests */,
				DEF9BD143A5A27770D12D263 /* BookNexusUITests */,
			);
		};
/* End PBXProject section */

/* Begin PBXSourcesBuildPhase section */
		6692F37246D9BB2FC7A1C21A /* Sources */ = {
			isa = PBXSourcesBuildPhase;
			buildActionMask = 2147483647;
			files = (
				BC4BEAE2416EE87718ACDC26 /* AIAskView.swift in Sources */,
				E039256789524685544238F4 /* AIConfig.swift in Sources */,
				C2186FBF883F33F9720E4C00 /* AILog.swift in Sources */,
				5E2C3FA26AF1E3B3DCC4E499 /* AIModels.swift in Sources */,
				5F4096B1A7BBC0CEE8E66DFF /* AIService.swift in Sources */,
				8171B07342C8F77A5A081F94 /* AddBookView.swift in Sources */,
				48C184644350385B2C0D7829 /* AppleIntelligenceProvider.swift in Sources */,
				08F145FA5011259A60A2BC05 /* AskSuggestions.swift in Sources */,
				74AE52020D09D5E23E152B03 /* AuthService.swift in Sources */,
				8E06109D646E9A01E3B4BB05 /* Book.swift in Sources */,
				88A65217368FC591DC3B5396 /* BookDetailView.swift in Sources */,
				78F338101414D83FAAC7B0B3 /* BookFormView.swift in Sources */,
				4DED8832C0944E3A26296EF8 /* BookNexusApp.swift in Sources */,
				57E31A54F5DC33D83BCD4432 /* CatalogService.swift in Sources */,
				7E2FA0F74EC58B2CD575BCC0 /* Connection.swift in Sources */,
				F14C705A62F2C81EBEEF4B23 /* ConversationMemory.swift in Sources */,
				053D6A4DA7EEA1D7DE261AE0 /* CoverImageStore.swift in Sources */,
				000336C1E815F679BE391609 /* DescriptionImprovement.swift in Sources */,
				FBD02930C22165FB4952717B /* ExportFormatGuide.swift in Sources */,
				CA6AEF54D4F207015ABD76C3 /* GenreCleanup.swift in Sources */,
				EA4CD0A18A0E879612CDAA20 /* GenreCleanupView.swift in Sources */,
				987B77E5B2E31037BAF2CA4F /* GenreStore.swift in Sources */,
				3F6CDA65D5064229C183B4A9 /* ISBNScannerView.swift in Sources */,
				F67770AFA24ABA1B6830DE46 /* LibraryContext.swift in Sources */,
				56354CE53D12EC9AD8638BEF /* LibraryDataService.swift in Sources */,
				F1B6C4200EEBC0004D173763 /* LibraryExportDTOs.swift in Sources */,
				A4D5526BA0DDA1751D1D7225 /* LibraryRetriever.swift in Sources */,
				E7EDF16C4AEE314A788AFF95 /* LibrarySync.swift in Sources */,
				3E1B70428ED02FC7ADECABA2 /* LibraryView.swift in Sources */,
				213A58271FFA15D7825040D9 /* LibraryViewModel.swift in Sources */,
				86A583012566B0E63489B2DC /* LocationStore.swift in Sources */,
				AB61CE21B31CF6C32CE2A043 /* Note.swift in Sources */,
				C1B5391196F9887E6C4EA087 /* OpenAICompatibleProvider.swift in Sources */,
				23446AA2093D6D1DF964DCE2 /* Persistence.swift in Sources */,
				44873906AE2241D5902C09CB /* PhotoCropView.swift in Sources */,
				E953E8BE36ABF0C51F8F84E2 /* ReadingList.swift in Sources */,
				AAE9A9A710C8C766BA660B19 /* RootView.swift in Sources */,
				7DA2104E3CA7BD3A1D9C5A78 /* ScanQueueStore.swift in Sources */,
				C14ADE649CE118927A9375DE /* SettingsView.swift in Sources */,
				920C82DAD50165D12BCE721B /* ShelfCategoriesView.swift in Sources */,
				3721FF80627B5972661BC096 /* ShelfCategorizer.swift in Sources */,
				E31B410542DC6881F02A1807 /* SyncCoordinator.swift in Sources */,
				F1FFA880481D050874F2CC74 /* SyncProvider.swift in Sources */,
				4AFD8127315354E6B8B70CD2 /* SyncSettings.swift in Sources */,
				487826298A0FC7013B446583 /* User.swift in Sources */,
				1D227A84A443CE7DBBF3C546 /* ZipArchive.swift in Sources */,
			);
			runOnlyForDeploymentPostprocessing = 0;
		};
		DFECA4BA0AF8D69C8A0534DB /* Sources */ = {
			isa = PBXSourcesBuildPhase;
			buildActionMask = 2147483647;
			files = (
				95AB138620E3799EAC0D17FD /* BookNexusUITests.swift in Sources */,
			);
			runOnlyForDeploymentPostprocessing = 0;
		};
		F8E52D5D0799C1056DC4692A /* Sources */ = {
			isa = PBXSourcesBuildPhase;
			buildActionMask = 2147483647;
			files = (
				6DA3DF2B511D016486DC8A23 /* AIFeaturesTests.swift in Sources */,
				EDF93725108BD8CC79820C39 /* AITests.swift in Sources */,
				AA4D8795F2164997CE6875B4 /* BookNexusTests.swift in Sources */,
				5230248279AD3B3B56BB1AA5 /* LibraryDataServiceTests.swift in Sources */,
				DC446481A878EFABD9DDA09B /* ScanQueueStoreTests.swift in Sources */,
				93A207881B47EF56E1F10B84 /* ShelfCategorizerTests.swift in Sources */,
				09F88F4E689B4A6BA33EFD80 /* SyncTests.swift in Sources */,
			);
			runOnlyForDeploymentPostprocessing = 0;
		};
/* End PBXSourcesBuildPhase section */

/* Begin PBXTargetDependency section */
		441C4E17642F77420DAD757D /* PBXTargetDependency */ = {
			isa = PBXTargetDependency;
			target = 57972BB0464D334D5C67DB16 /* BookNexus */;
			targetProxy = 1DB423A3293D46B711FD6D35 /* PBXContainerItemProxy */;
		};
		5AF2E46103574E65ADD7830E /* PBXTargetDependency */ = {
			isa = PBXTargetDependency;
			target = 57972BB0464D334D5C67DB16 /* BookNexus */;
			targetProxy = 12FE55AE726CD10BF3907BB4 /* PBXContainerItemProxy */;
		};
/* End PBXTargetDependency section */

/* Begin XCBuildConfiguration section */
		2B03EE1179FBC4DE51A483C0 /* Release */ = {
			isa = XCBuildConfiguration;
			buildSettings = {
				BUNDLE_LOADER = "$(TEST_HOST)";
				GENERATE_INFOPLIST_FILE = YES;
				IPHONEOS_DEPLOYMENT_TARGET = 17.0;
				LD_RUNPATH_SEARCH_PATHS = (
					"$(inherited)",
					"@executable_path/Frameworks",
					"@loader_path/Frameworks",
				);
				PRODUCT_BUNDLE_IDENTIFIER = com.booknexus.BookNexusUITests;
				SDKROOT = iphoneos;
				TARGETED_DEVICE_FAMILY = "1,2";
				TEST_TARGET_NAME = BookNexus;
			};
			name = Release;
		};
		56D664863942A693E083EAA9 /* Debug */ = {
			isa = XCBuildConfiguration;
			buildSettings = {
				ASSETCATALOG_COMPILER_APPICON_NAME = AppIcon;
				ASSETCATALOG_COMPILER_GLOBAL_ACCENT_COLOR_NAME = AccentColor;
				CODE_SIGN_ENTITLEMENTS = BookNexus/BookNexus.entitlements;
				CODE_SIGN_IDENTITY = "iPhone Developer";
				INFOPLIST_FILE = BookNexus/Info.plist;
				IPHONEOS_DEPLOYMENT_TARGET = 17.0;
				LD_RUNPATH_SEARCH_PATHS = (
					"$(inherited)",
					"@executable_path/Frameworks",
				);
				PRODUCT_BUNDLE_IDENTIFIER = com.booknexus.app;
				SDKROOT = iphoneos;
				TARGETED_DEVICE_FAMILY = "1,2";
			};
			name = Debug;
		};
		7493DDB158DCC67C6221967B /* Debug */ = {
			isa = XCBuildConfiguration;
			buildSettings = {
				BUNDLE_LOADER = "$(TEST_HOST)";
				GENERATE_INFOPLIST_FILE = YES;
				IPHONEOS_DEPLOYMENT_TARGET = 17.0;
				LD_RUNPATH_SEARCH_PATHS = (
					"$(inherited)",
					"@executable_path/Frameworks",
					"@loader_path/Frameworks",
				);
				PRODUCT_BUNDLE_IDENTIFIER = com.booknexus.BookNexusUITests;
				SDKROOT = iphoneos;
				TARGETED_DEVICE_FAMILY = "1,2";
				TEST_TARGET_NAME = BookNexus;
			};
			name = Debug;
		};
		814184B7673542949F6D5403 /* Release */ = {
			isa = XCBuildConfiguration;
			buildSettings = {
				BUNDLE_LOADER = "$(TEST_HOST)";
				GENERATE_INFOPLIST_FILE = YES;
				IPHONEOS_DEPLOYMENT_TARGET = 17.0;
				LD_RUNPATH_SEARCH_PATHS = (
					"$(inherited)",
					"@executable_path/Frameworks",
					"@loader_path/Frameworks",
				);
				PRODUCT_BUNDLE_IDENTIFIER = com.booknexus.BookNexusTests;
				SDKROOT = iphoneos;
				TARGETED_DEVICE_FAMILY = "1,2";
				TEST_HOST = "$(BUILT_PRODUCTS_DIR)/BookNexus.app/BookNexus";
			};
			name = Release;
		};
		874FCA860A845E81C5FAE1E8 /* Debug */ = {
			isa = XCBuildConfiguration;
			buildSettings = {
				ALWAYS_SEARCH_USER_PATHS = NO;
				CLANG_ANALYZER_NONNULL = YES;
				CLANG_ANALYZER_NUMBER_OBJECT_CONVERSION = YES_AGGRESSIVE;
				CLANG_CXX_LANGUAGE_STANDARD = "gnu++14";
				CLANG_CXX_LIBRARY = "libc++";
				CLANG_ENABLE_MODULES = YES;
				CLANG_ENABLE_OBJC_ARC = YES;
				CLANG_ENABLE_OBJC_WEAK = YES;
				CLANG_WARN_BLOCK_CAPTURE_AUTORELEASING = YES;
				CLANG_WARN_BOOL_CONVERSION = YES;
				CLANG_WARN_COMMA = YES;
				CLANG_WARN_CONSTANT_CONVERSION = YES;
				CLANG_WARN_DEPRECATED_OBJC_IMPLEMENTATIONS = YES;
				CLANG_WARN_DIRECT_OBJC_ISA_USAGE = YES_ERROR;
				CLANG_WARN_DOCUMENTATION_COMMENTS = YES;
				CLANG_WARN_EMPTY_BODY = YES;
				CLANG_WARN_ENUM_CONVERSION = YES;
				CLANG_WARN_INFINITE_RECURSION = YES;
				CLANG_WARN_INT_CONVERSION = YES;
				CLANG_WARN_NON_LITERAL_NULL_CONVERSION = YES;
				CLANG_WARN_OBJC_IMPLICIT_RETAIN_SELF = YES;
				CLANG_WARN_OBJC_LITERAL_CONVERSION = YES;
				CLANG_WARN_OBJC_ROOT_CLASS = YES_ERROR;
				CLANG_WARN_QUOTED_INCLUDE_IN_FRAMEWORK_HEADER = YES;
				CLANG_WARN_RANGE_LOOP_ANALYSIS = YES;
				CLANG_WARN_STRICT_PROTOTYPES = YES;
				CLANG_WARN_SUSPICIOUS_MOVE = YES;
				CLANG_WARN_UNGUARDED_AVAILABILITY = YES_AGGRESSIVE;
				CLANG_WARN_UNREACHABLE_CODE = YES;
				CLANG_WARN__DUPLICATE_METHOD_MATCH = YES;
				COPY_PHASE_STRIP = NO;
				DEBUG_INFORMATION_FORMAT = dwarf;
				ENABLE_STRICT_OBJC_MSGSEND = YES;
				ENABLE_TESTABILITY = YES;
				ENABLE_USER_AGREEMENT = NO;
				GCC_C_LANGUAGE_STANDARD = gnu11;
				GCC_DYNAMIC_NO_PIC = NO;
				GCC_NO_COMMON_BLOCKS = YES;
				GCC_OPTIMIZATION_LEVEL = 0;
				GCC_PREPROCESSOR_DEFINITIONS = (
					"$(inherited)",
					"DEBUG=1",
				);
				GCC_WARN_64_TO_32_BIT_CONVERSION = YES;
				GCC_WARN_ABOUT_RETURN_TYPE = YES_ERROR;
				GCC_WARN_UNDECLARED_SELECTOR = YES;
				GCC_WARN_UNINITIALIZED_AUTOS = YES_AGGRESSIVE;
				GCC_WARN_UNUSED_FUNCTION = YES;
				GCC_WARN_UNUSED_VARIABLE = YES;
				IPHONEOS_DEPLOYMENT_TARGET = 17.0;
				MTL_ENABLE_DEBUG_INFO = INCLUDE_SOURCE;
				MTL_FAST_MATH = YES;
				ONLY_ACTIVE_ARCH = YES;
				PRODUCT_NAME = "$(TARGET_NAME)";
				SDKROOT = iphoneos;
				SWIFT_ACTIVE_COMPILATION_CONDITIONS = DEBUG;
				SWIFT_OPTIMIZATION_LEVEL = "-Onone";
				SWIFT_VERSION = 5.9;
				TARGETED_DEVICE_FAMILY = "1,2";
			};
			name = Debug;
		};
		B6E440254A16A184976FCFA8 /* Debug */ = {
			isa = XCBuildConfiguration;
			buildSettings = {
				BUNDLE_LOADER = "$(TEST_HOST)";
				GENERATE_INFOPLIST_FILE = YES;
				IPHONEOS_DEPLOYMENT_TARGET = 17.0;
				LD_RUNPATH_SEARCH_PATHS = (
					"$(inherited)",
					"@executable_path/Frameworks",
					"@loader_path/Frameworks",
				);
				PRODUCT_BUNDLE_IDENTIFIER = com.booknexus.BookNexusTests;
				SDKROOT = iphoneos;
				TARGETED_DEVICE_FAMILY = "1,2";
				TEST_HOST = "$(BUILT_PRODUCTS_DIR)/BookNexus.app/BookNexus";
			};
			name = Debug;
		};
		BE334BBADAB3BB60867D3409 /* Release */ = {
			isa = XCBuildConfiguration;
			buildSettings = {
				ALWAYS_SEARCH_USER_PATHS = NO;
				CLANG_ANALYZER_NONNULL = YES;
				CLANG_ANALYZER_NUMBER_OBJECT_CONVERSION = YES_AGGRESSIVE;
				CLANG_CXX_LANGUAGE_STANDARD = "gnu++14";
				CLANG_CXX_LIBRARY = "libc++";
				CLANG_ENABLE_MODULES = YES;
				CLANG_ENABLE_OBJC_ARC = YES;
				CLANG_ENABLE_OBJC_WEAK = YES;
				CLANG_WARN_BLOCK_CAPTURE_AUTORELEASING = YES;
				CLANG_WARN_BOOL_CONVERSION = YES;
				CLANG_WARN_COMMA = YES;
				CLANG_WARN_CONSTANT_CONVERSION = YES;
				CLANG_WARN_DEPRECATED_OBJC_IMPLEMENTATIONS = YES;
				CLANG_WARN_DIRECT_OBJC_ISA_USAGE = YES_ERROR;
				CLANG_WARN_DOCUMENTATION_COMMENTS = YES;
				CLANG_WARN_EMPTY_BODY = YES;
				CLANG_WARN_ENUM_CONVERSION = YES;
				CLANG_WARN_INFINITE_RECURSION = YES;
				CLANG_WARN_INT_CONVERSION = YES;
				CLANG_WARN_NON_LITERAL_NULL_CONVERSION = YES;
				CLANG_WARN_OBJC_IMPLICIT_RETAIN_SELF = YES;
				CLANG_WARN_OBJC_LITERAL_CONVERSION = YES;
				CLANG_WARN_OBJC_ROOT_CLASS = YES_ERROR;
				CLANG_WARN_QUOTED_INCLUDE_IN_FRAMEWORK_HEADER = YES;
				CLANG_WARN_RANGE_LOOP_ANALYSIS = YES;
				CLANG_WARN_STRICT_PROTOTYPES = YES;
				CLANG_WARN_SUSPICIOUS_MOVE = YES;
				CLANG_WARN_UNGUARDED_AVAILABILITY = YES_AGGRESSIVE;
				CLANG_WARN_UNREACHABLE_CODE = YES;
				CLANG_WARN__DUPLICATE_METHOD_MATCH = YES;
				COPY_PHASE_STRIP = NO;
				DEBUG_INFORMATION_FORMAT = "dwarf-with-dsym";
				ENABLE_NS_ASSERTIONS = NO;
				ENABLE_STRICT_OBJC_MSGSEND = YES;
				ENABLE_USER_AGREEMENT = NO;
				GCC_C_LANGUAGE_STANDARD = gnu11;
				GCC_NO_COMMON_BLOCKS = YES;
				GCC_WARN_64_TO_32_BIT_CONVERSION = YES;
				GCC_WARN_ABOUT_RETURN_TYPE = YES_ERROR;
				GCC_WARN_UNDECLARED_SELECTOR = YES;
				GCC_WARN_UNINITIALIZED_AUTOS = YES_AGGRESSIVE;
				GCC_WARN_UNUSED_FUNCTION = YES;
				GCC_WARN_UNUSED_VARIABLE = YES;
				IPHONEOS_DEPLOYMENT_TARGET = 17.0;
				MTL_ENABLE_DEBUG_INFO = NO;
				MTL_FAST_MATH = YES;
				PRODUCT_NAME = "$(TARGET_NAME)";
				SDKROOT = iphoneos;
				SWIFT_COMPILATION_MODE = wholemodule;
				SWIFT_OPTIMIZATION_LEVEL = "-O";
				SWIFT_VERSION = 5.9;
				TARGETED_DEVICE_FAMILY = "1,2";
			};
			name = Release;
		};
		DD25C9D179FAAC2D2F3447A6 /* Release */ = {
			isa = XCBuildConfiguration;
			buildSettings = {
				ASSETCATALOG_COMPILER_APPICON_NAME = AppIcon;
				ASSETCATALOG_COMPILER_GLOBAL_ACCENT_COLOR_NAME = AccentColor;
				CODE_SIGN_ENTITLEMENTS = BookNexus/BookNexus.entitlements;
				CODE_SIGN_IDENTITY = "iPhone Developer";
				INFOPLIST_FILE = BookNexus/Info.plist;
				IPHONEOS_DEPLOYMENT_TARGET = 17.0;
				LD_RUNPATH_SEARCH_PATHS = (
					"$(inherited)",
					"@executable_path/Frameworks",
				);
				PRODUCT_BUNDLE_IDENTIFIER = com.booknexus.app;
				SDKROOT = iphoneos;
				TARGETED_DEVICE_FAMILY = "1,2";
			};
			name = Release;
		};
/* End XCBuildConfiguration section */

/* Begin XCConfigurationList section */
		19937C54C5AB7FD3C325C106 /* Build configuration list for PBXNativeTarget "BookNexusUITests" */ = {
			isa = XCConfigurationList;
			buildConfigurations = (
				7493DDB158DCC67C6221967B /* Debug */,
				2B03EE1179FBC4DE51A483C0 /* Release */,
			);
			defaultConfigurationIsVisible = 0;
			defaultConfigurationName = Debug;
		};
		581433FB435D130F5B035740 /* Build configuration list for PBXNativeTarget "BookNexus" */ = {
			isa = XCConfigurationList;
			buildConfigurations = (
				56D664863942A693E083EAA9 /* Debug */,
				DD25C9D179FAAC2D2F3447A6 /* Release */,
			);
			defaultConfigurationIsVisible = 0;
			defaultConfigurationName = Debug;
		};
		8DEC121DFD3CA48429FF23B2 /* Build configuration list for PBXProject "BookNexus" */ = {
			isa = XCConfigurationList;
			buildConfigurations = (
				874FCA860A845E81C5FAE1E8 /* Debug */,
				BE334BBADAB3BB60867D3409 /* Release */,
			);
			defaultConfigurationIsVisible = 0;
			defaultConfigurationName = Debug;
		};
		FF86E281206D389382DC565A /* Build configuration list for PBXNativeTarget "BookNexusTests" */ = {
			isa = XCConfigurationList;
			buildConfigurations = (
				B6E440254A16A184976FCFA8 /* Debug */,
				814184B7673542949F6D5403 /* Release */,
			);
			defaultConfigurationIsVisible = 0;
			defaultConfigurationName = Debug;
		};
/* End XCConfigurationList section */

/* Begin XCRemoteSwiftPackageReference section */
		459F0D04598BB8C5E54B4262 /* XCRemoteSwiftPackageReference "MarkdownUI" */ = {
			isa = XCRemoteSwiftPackageReference;
			repositoryURL = "https://github.com/gonzalezreal/MarkdownUI";
			requirement = {
				kind = exactVersion;
				version = 2.4.1;
			};
		};
/* End XCRemoteSwiftPackageReference section */

/* Begin XCSwiftPackageProductDependency section */
		04ACE7F5E353C06A2D8C9B02 /* MarkdownUI */ = {
			isa = XCSwiftPackageProductDependency;
			package = 459F0D04598BB8C5E54B4262 /* XCRemoteSwiftPackageReference "MarkdownUI" */;
			productName = MarkdownUI;
		};
/* End XCSwiftPackageProductDependency section */
	};
	rootObject = D8DA322D3B87A0FC45490C8F /* Project object */;
}
