// !$*UTF8*$!
{
	archiveVersion = 1;
	classes = {
	};
	objectVersion = 77;
	objects = {

/* Begin PBXBuildFile section */
		006E1D19CA0376B4CB0BC8E7 /* SyncTests.swift in Sources */ = {isa = PBXBuildFile; fileRef = C6F7F346D75B7A64BF0FEDAB /* SyncTests.swift */; };
		03573280A6566BDDF955A015 /* LibraryPDFExport.swift in Sources */ = {isa = PBXBuildFile; fileRef = 59D7FF358C6E993C9532C22D /* LibraryPDFExport.swift */; };
		075B5DFDF32C339D2F80A48A /* SyncCoordinator.swift in Sources */ = {isa = PBXBuildFile; fileRef = C29BC837621AF27DC2775241 /* SyncCoordinator.swift */; };
		078C797EE89C2CA8CFF3AD00 /* AIAskView.swift in Sources */ = {isa = PBXBuildFile; fileRef = DA04E88EA8596412A10827BF /* AIAskView.swift */; };
		08481702354F5FDE99A16202 /* SharedLibraryEngine.swift in Sources */ = {isa = PBXBuildFile; fileRef = 7439A924A23529C8EB8A6F87 /* SharedLibraryEngine.swift */; };
		0D35714F2D17C778EF03B4D1 /* WelcomeView.swift in Sources */ = {isa = PBXBuildFile; fileRef = A38C4C27CCDAE0A942651A19 /* WelcomeView.swift */; };
		105377F7288FA64310147BF6 /* LibraryDataServiceTests.swift in Sources */ = {isa = PBXBuildFile; fileRef = 93F50C84CAADE351A33A75EA /* LibraryDataServiceTests.swift */; };
		115466A47AC1572A946E79D0 /* Note.swift in Sources */ = {isa = PBXBuildFile; fileRef = EF3204E211191D7838B846B5 /* Note.swift */; };
		13816A00FBC090525B76F612 /* SharedLibraryMirror.swift in Sources */ = {isa = PBXBuildFile; fileRef = D43D6E17D5675CDD7C76A052 /* SharedLibraryMirror.swift */; };
		154AC76B4EF91DB6A7EAC5F3 /* LibraryContext.swift in Sources */ = {isa = PBXBuildFile; fileRef = FF06E540D41058875FF285F9 /* LibraryContext.swift */; };
		15CCFF7D779DD928E43019F0 /* WebSearch.swift in Sources */ = {isa = PBXBuildFile; fileRef = EE81543984D7068E79C68613 /* WebSearch.swift */; };
		1E7AC6132CAF0D31BFA425E2 /* GreetingRenameTests.swift in Sources */ = {isa = PBXBuildFile; fileRef = B3648AC227DE66F1955A2954 /* GreetingRenameTests.swift */; };
		1F938106147677D56A0E4692 /* AuthService.swift in Sources */ = {isa = PBXBuildFile; fileRef = 63692AC5935AA581F65A494E /* AuthService.swift */; };
		20CCCD758E10C89DACBE559B /* BackupDetailView.swift in Sources */ = {isa = PBXBuildFile; fileRef = 8E9E94650797FC4FF53FF470 /* BackupDetailView.swift */; };
		218A1C024D2299D73924C5BA /* CoverImageStore.swift in Sources */ = {isa = PBXBuildFile; fileRef = 613A860A534A8684B30EA259 /* CoverImageStore.swift */; };
		2258029820ED360F7ED9EB0A /* AppleIntelligenceProvider.swift in Sources */ = {isa = PBXBuildFile; fileRef = 88A1E789F05B1CE6BEF28BAE /* AppleIntelligenceProvider.swift */; };
		3204DC79AC1E225302FF1CF9 /* MasteringAndClassifierTests.swift in Sources */ = {isa = PBXBuildFile; fileRef = 9385EE72F524938D7844319D /* MasteringAndClassifierTests.swift */; };
		3415684FA322B72A6DC1E471 /* AboutView.swift in Sources */ = {isa = PBXBuildFile; fileRef = BC9A41FBBC13349A8560B10A /* AboutView.swift */; };
		3A9841CBAE496E1F8B01E604 /* SharedLibraryTests.swift in Sources */ = {isa = PBXBuildFile; fileRef = CA3814C7AF96A700B1B181B3 /* SharedLibraryTests.swift */; };
		408232ECE5E9C1F012AAB46E /* BookDetailView.swift in Sources */ = {isa = PBXBuildFile; fileRef = 879330D2640D53E6B07D1D12 /* BookDetailView.swift */; };
		40A539875C869D7D39CF1F99 /* User.swift in Sources */ = {isa = PBXBuildFile; fileRef = 38019619FEE54D8B6CFB1153 /* User.swift */; };
		415E354779E93196CDF86AC6 /* AITests.swift in Sources */ = {isa = PBXBuildFile; fileRef = B75CBF3F8BA0D3FA87E87611 /* AITests.swift */; };
		42205CB1D580DB5218E23F3A /* LibraryRetriever.swift in Sources */ = {isa = PBXBuildFile; fileRef = 6C8D4A0258B8050B44A8A615 /* LibraryRetriever.swift */; };
		429A8A062BD4FD2E69362281 /* LibraryViewModel.swift in Sources */ = {isa = PBXBuildFile; fileRef = 2926F23B1B3B74D735ECF300 /* LibraryViewModel.swift */; };
		448C6FDC0D27A83531106DA8 /* SettingsView.swift in Sources */ = {isa = PBXBuildFile; fileRef = CF9D78B1E6B59239F3253BD9 /* SettingsView.swift */; };
		481487D23023264A3DC3393E /* CHANGELOG.md in Resources */ = {isa = PBXBuildFile; fileRef = C6E521F99961E68EE93C794F /* CHANGELOG.md */; };
		4A843E6085F086F61B90897D /* AIConfig.swift in Sources */ = {isa = PBXBuildFile; fileRef = 57AA09FBA363FDDCE982E523 /* AIConfig.swift */; };
		4B9516D72CF280A4ED8C4696 /* BackupStore.swift in Sources */ = {isa = PBXBuildFile; fileRef = 5C9A9AD04A8389EB7D1C1C30 /* BackupStore.swift */; };
		582A2CD27D76F6494B202BEA /* WebSearchTests.swift in Sources */ = {isa = PBXBuildFile; fileRef = C867BC5A92C34F8C7107E9BC /* WebSearchTests.swift */; };
		59AD650EB81B3D08B3486871 /* AddBookView.swift in Sources */ = {isa = PBXBuildFile; fileRef = E2FD65D90180DE8F7F0C0C6E /* AddBookView.swift */; };
		5F14895C0AEC0944D2B0D132 /* LibrarySync.swift in Sources */ = {isa = PBXBuildFile; fileRef = F71D73D6B03EFC6FD3FA58B0 /* LibrarySync.swift */; };
		6232AFFCDC756947FC756F94 /* BackupsView.swift in Sources */ = {isa = PBXBuildFile; fileRef = C44869DF584EC707A877F252 /* BackupsView.swift */; };
		62F278C766B0837F09ED8660 /* AIService.swift in Sources */ = {isa = PBXBuildFile; fileRef = 9B8DFA70E147182B2DF5B70B /* AIService.swift */; };
		63C01F8E41EEC314F6D23D87 /* GenreCleanupView.swift in Sources */ = {isa = PBXBuildFile; fileRef = 092D43C18016AEAE255215A3 /* GenreCleanupView.swift */; };
		64AA32DA2F8F2D21220EC6B3 /* Persistence.swift in Sources */ = {isa = PBXBuildFile; fileRef = EA8F1D81A354EF33EDF40841 /* Persistence.swift */; };
		6536D73E660E13DF24F4256F /* AIModels.swift in Sources */ = {isa = PBXBuildFile; fileRef = 6DE34E9552373F09A16F784A /* AIModels.swift */; };
		67374DB984295CE6881B89EE /* LibraryCoveApp.swift in Sources */ = {isa = PBXBuildFile; fileRef = 58C947C02C0CACC2809FB34C /* LibraryCoveApp.swift */; };
		687FA0D8F238AD7269653F59 /* BookDateRepair.swift in Sources */ = {isa = PBXBuildFile; fileRef = C02087037FD461D4D7D1D0E3 /* BookDateRepair.swift */; };
		69AB41ABD1AF3A18FBE7C5F0 /* BookFormView.swift in Sources */ = {isa = PBXBuildFile; fileRef = 420CC7481F27D37D90912C4A /* BookFormView.swift */; };
		6A80E115A00F2B1F56DF5FDE /* OpenAICompatibleProvider.swift in Sources */ = {isa = PBXBuildFile; fileRef = 293D31F3988AD1CD6BE3398B /* OpenAICompatibleProvider.swift */; };
		6D5E3BBD794062BE5E34B6AE /* ExportFormatGuide.swift in Sources */ = {isa = PBXBuildFile; fileRef = 4D710F3248A8B830BA85A4AB /* ExportFormatGuide.swift */; };
		6F8752BCC1FE73A06D8F48D3 /* ShelfStore.swift in Sources */ = {isa = PBXBuildFile; fileRef = 5F6828241142E2FFA94108D7 /* ShelfStore.swift */; };
		7641284B6EC5A7F64408529A /* ScanQueueStore.swift in Sources */ = {isa = PBXBuildFile; fileRef = BFE56940DCBA01F21E07DD18 /* ScanQueueStore.swift */; };
		77155B1A3685C6D28C37221B /* Book.swift in Sources */ = {isa = PBXBuildFile; fileRef = FE5A7F56050D2EA97A2F5292 /* Book.swift */; };
		774F60FA5F718BF106C3A18B /* SyncProvider.swift in Sources */ = {isa = PBXBuildFile; fileRef = 5C938D002EF97DE5DEC8EACE /* SyncProvider.swift */; };
		77C73ABC12E5D02DA69E72B5 /* LibraryDataService+ArchiveBooks.swift in Sources */ = {isa = PBXBuildFile; fileRef = 9378B61813092CA7718B0309 /* LibraryDataService+ArchiveBooks.swift */; };
		7EBBBACE1070800C7F1CCD63 /* LibraryPDFExportTests.swift in Sources */ = {isa = PBXBuildFile; fileRef = C70E20044857B7D8213F50D4 /* LibraryPDFExportTests.swift */; };
		80A35C4ED9E3F1DDA74A7ACA /* LibraryExportDTOs.swift in Sources */ = {isa = PBXBuildFile; fileRef = 843751992516D7A70DDE2E98 /* LibraryExportDTOs.swift */; };
		81D36BEDDFC9EEEE5315FC08 /* SharedLibraryModels.swift in Sources */ = {isa = PBXBuildFile; fileRef = 3C90AA78140D70FC0FF92009 /* SharedLibraryModels.swift */; };
		868F8D72F7D13A480E0854B6 /* LocationStore.swift in Sources */ = {isa = PBXBuildFile; fileRef = 631B01076AF533DED7FBA13A /* LocationStore.swift */; };
		881DCB56743F76CF038108FE /* LibraryView.swift in Sources */ = {isa = PBXBuildFile; fileRef = 251BB09509CE032E1C9352E8 /* LibraryView.swift */; };
		8B0978549ED6D63608822913 /* MarkdownUI in Frameworks */ = {isa = PBXBuildFile; productRef = E5BB8990A333EC21F123A841 /* MarkdownUI */; };
		8BC3805BEC3442DB8989D8AC /* BookMastering.swift in Sources */ = {isa = PBXBuildFile; fileRef = 572B0E293B7CC81FB4F4ED14 /* BookMastering.swift */; };
		8F8EDBF92BAE196C11A99FCE /* ZipArchive.swift in Sources */ = {isa = PBXBuildFile; fileRef = C011F248612BA0A3A5916731 /* ZipArchive.swift */; };
		96C27A2A506075F9B9B98700 /* MultiSelectFilterSheet.swift in Sources */ = {isa = PBXBuildFile; fileRef = 81CD28209B51158D53D2CE77 /* MultiSelectFilterSheet.swift */; };
		98F66CE50A6AD2BB69FEDD5F /* ShelfCategorizer.swift in Sources */ = {isa = PBXBuildFile; fileRef = F356CB4E3C4D061CFA93DD90 /* ShelfCategorizer.swift */; };
		9F75747BF40F76516B82ABD5 /* Connection.swift in Sources */ = {isa = PBXBuildFile; fileRef = 3C7C31947A3C7A5C490EA5A7 /* Connection.swift */; };
		A224A1AE89BB0852B0916DC2 /* AIFeaturesTests.swift in Sources */ = {isa = PBXBuildFile; fileRef = C6E8A330E97780B2885797AF /* AIFeaturesTests.swift */; };
		A2CFEE49C97A1B58B5056225 /* ISBNScannerView.swift in Sources */ = {isa = PBXBuildFile; fileRef = B1F68A46FAA41AC80D5C0E10 /* ISBNScannerView.swift */; };
		AB4DFB776DC440C18A4B5EB3 /* GenreCleanup.swift in Sources */ = {isa = PBXBuildFile; fileRef = 293CD375A57C5A7D57C513C7 /* GenreCleanup.swift */; };
		AB9642FF9D4FEB12D157230E /* LibraryCoveUITests.swift in Sources */ = {isa = PBXBuildFile; fileRef = 6CC5909E8FACB6C9C6B85631 /* LibraryCoveUITests.swift */; };
		B34E809EC7201B78809C6979 /* MANUAL-TESTING.md in Resources */ = {isa = PBXBuildFile; fileRef = 5E1C6D16E83835E543DF54F2 /* MANUAL-TESTING.md */; };
		B43286294A6E05E7E9E1931D /* ScanQueueStoreTests.swift in Sources */ = {isa = PBXBuildFile; fileRef = 805FF4BF819A9897737AB444 /* ScanQueueStoreTests.swift */; };
		B4365F596EAFE3AE5487A9EE /* CopyDeletePicker.swift in Sources */ = {isa = PBXBuildFile; fileRef = F69E85506FC987A4E642A1D6 /* CopyDeletePicker.swift */; };
		B65CA5149E373620C70AF2C6 /* Assets.xcassets in Resources */ = {isa = PBXBuildFile; fileRef = 800C85F705062F215824B67B /* Assets.xcassets */; };
		B880151FCDB82C06B5D6DE72 /* SyncSettings.swift in Sources */ = {isa = PBXBuildFile; fileRef = EF52B777835B4B62203D509E /* SyncSettings.swift */; };
		BA8DF5DFEF3C5CD61085B02E /* PhotoCropView.swift in Sources */ = {isa = PBXBuildFile; fileRef = A29DC06FD5BA7010411123D2 /* PhotoCropView.swift */; };
		C0455C2B86B55B99A240A652 /* ShelfCategoriesView.swift in Sources */ = {isa = PBXBuildFile; fileRef = FA36AD4ADC1657A6FB06E8EC /* ShelfCategoriesView.swift */; };
		C1CC389D5ACAB142279EA0C4 /* ConversationMemory.swift in Sources */ = {isa = PBXBuildFile; fileRef = 86870DD9F76E5AAFCF889635 /* ConversationMemory.swift */; };
		C20CB78D594627DF7BD71EA7 /* SharedLibraryRecord.swift in Sources */ = {isa = PBXBuildFile; fileRef = C1652A6F35E18E6459BCA5D8 /* SharedLibraryRecord.swift */; };
		C4772301455409DB9EA18D41 /* LibraryCoveTests.swift in Sources */ = {isa = PBXBuildFile; fileRef = 4FE4618EA580CEA09D2B2145 /* LibraryCoveTests.swift */; };
		CDF419E694EF0BE0D1385A02 /* GenreStore.swift in Sources */ = {isa = PBXBuildFile; fileRef = 1BB0D4B843CB0997D5F3BB94 /* GenreStore.swift */; };
		CFA5AD6A90EC419506E4C4BB /* ShelfCategorizerTests.swift in Sources */ = {isa = PBXBuildFile; fileRef = 70697CD6FB7E08D609131BE5 /* ShelfCategorizerTests.swift */; };
		D095EA55BEFEB2AA6CEB7DC8 /* SharedLibraryCoordinator.swift in Sources */ = {isa = PBXBuildFile; fileRef = 407C83ACA28E442EADA6E456 /* SharedLibraryCoordinator.swift */; };
		D24A30A1D37E97E9BF3C8EC5 /* AskSuggestions.swift in Sources */ = {isa = PBXBuildFile; fileRef = F9D70D16F6CB326CD2BBFE8E /* AskSuggestions.swift */; };
		D793B9297FBCB7F9F2F3B63B /* LibraryDataService.swift in Sources */ = {isa = PBXBuildFile; fileRef = 8FC97C06B67C3FBD45AD6941 /* LibraryDataService.swift */; };
		D86F7752E2772295D9338A70 /* FictionClassifier.swift in Sources */ = {isa = PBXBuildFile; fileRef = AD105B59F812DF5EB0445B87 /* FictionClassifier.swift */; };
		D936167CD4C8E7B46E84E1AC /* ReadingList.swift in Sources */ = {isa = PBXBuildFile; fileRef = 82D432F92F737332E449E2D8 /* ReadingList.swift */; };
		DDEAFB6EC8F5A295BE927AF4 /* BookDuplicateRepair.swift in Sources */ = {isa = PBXBuildFile; fileRef = 4C60EF49D4A2E46BBE98C6C1 /* BookDuplicateRepair.swift */; };
		DFDB118EFC683216D9AD832B /* AdvancedSettingsView.swift in Sources */ = {isa = PBXBuildFile; fileRef = C64026BA61B06F5581ECC18A /* AdvancedSettingsView.swift */; };
		E0ED3582C37823043D0AA5B5 /* AssignValuesSheet.swift in Sources */ = {isa = PBXBuildFile; fileRef = F6309B9D98181B8495D02410 /* AssignValuesSheet.swift */; };
		E50EC66F719DFD6E89D853B7 /* DeleteLibrarySheet.swift in Sources */ = {isa = PBXBuildFile; fileRef = DFAA49DC8B172DAA6B5ECA8D /* DeleteLibrarySheet.swift */; };
		E5229796998C84B6F53CA74E /* BookIDRepair.swift in Sources */ = {isa = PBXBuildFile; fileRef = 0F26E6B5D3205241081F15F7 /* BookIDRepair.swift */; };
		E7814E33AA443721EF1CCFAB /* StopSharingMigrationTests.swift in Sources */ = {isa = PBXBuildFile; fileRef = FB5118C5C5776F2484EC0C06 /* StopSharingMigrationTests.swift */; };
		EC6B4F5E3217832234CFDA58 /* AILog.swift in Sources */ = {isa = PBXBuildFile; fileRef = 60568F8C2FF9B25112988E02 /* AILog.swift */; };
		F2EE5C81D5B49CD370F0E923 /* FictionClassifierView.swift in Sources */ = {isa = PBXBuildFile; fileRef = 819810B792B9D8D8081CCC84 /* FictionClassifierView.swift */; };
		F3083778201C5DA7FC1738A2 /* CatalogService.swift in Sources */ = {isa = PBXBuildFile; fileRef = 474C8AAAAA2E23371D030C8D /* CatalogService.swift */; };
		F90715CC5CA30B3EB8E4ED1C /* RootView.swift in Sources */ = {isa = PBXBuildFile; fileRef = FD45ABE9C8B08DD85A4F26DE /* RootView.swift */; };
/* End PBXBuildFile section */

/* Begin PBXContainerItemProxy section */
		47FF317DE0F43C7804FE2D5F /* PBXContainerItemProxy */ = {
			isa = PBXContainerItemProxy;
			containerPortal = C28CF4057661C5AC03044E22 /* Project object */;
			proxyType = 1;
			remoteGlobalIDString = 8A38E31277E6B788FB1D201D;
			remoteInfo = LibraryCove;
		};
		A39ECBB17677BF1D0ED4734F /* PBXContainerItemProxy */ = {
			isa = PBXContainerItemProxy;
			containerPortal = C28CF4057661C5AC03044E22 /* Project object */;
			proxyType = 1;
			remoteGlobalIDString = 8A38E31277E6B788FB1D201D;
			remoteInfo = LibraryCove;
		};
/* End PBXContainerItemProxy section */

/* Begin PBXFileReference section */
		092D43C18016AEAE255215A3 /* GenreCleanupView.swift */ = {isa = PBXFileReference; lastKnownFileType = sourcecode.swift; path = GenreCleanupView.swift; sourceTree = "<group>"; };
		0F26E6B5D3205241081F15F7 /* BookIDRepair.swift */ = {isa = PBXFileReference; lastKnownFileType = sourcecode.swift; path = BookIDRepair.swift; sourceTree = "<group>"; };
		1BB0D4B843CB0997D5F3BB94 /* GenreStore.swift */ = {isa = PBXFileReference; lastKnownFileType = sourcecode.swift; path = GenreStore.swift; sourceTree = "<group>"; };
		251BB09509CE032E1C9352E8 /* LibraryView.swift */ = {isa = PBXFileReference; lastKnownFileType = sourcecode.swift; path = LibraryView.swift; sourceTree = "<group>"; };
		2926F23B1B3B74D735ECF300 /* LibraryViewModel.swift */ = {isa = PBXFileReference; lastKnownFileType = sourcecode.swift; path = LibraryViewModel.swift; sourceTree = "<group>"; };
		293CD375A57C5A7D57C513C7 /* GenreCleanup.swift */ = {isa = PBXFileReference; lastKnownFileType = sourcecode.swift; path = GenreCleanup.swift; sourceTree = "<group>"; };
		293D31F3988AD1CD6BE3398B /* OpenAICompatibleProvider.swift */ = {isa = PBXFileReference; lastKnownFileType = sourcecode.swift; path = OpenAICompatibleProvider.swift; sourceTree = "<group>"; };
		38019619FEE54D8B6CFB1153 /* User.swift */ = {isa = PBXFileReference; lastKnownFileType = sourcecode.swift; path = User.swift; sourceTree = "<group>"; };
		3C7C31947A3C7A5C490EA5A7 /* Connection.swift */ = {isa = PBXFileReference; lastKnownFileType = sourcecode.swift; path = Connection.swift; sourceTree = "<group>"; };
		3C90AA78140D70FC0FF92009 /* SharedLibraryModels.swift */ = {isa = PBXFileReference; lastKnownFileType = sourcecode.swift; path = SharedLibraryModels.swift; sourceTree = "<group>"; };
		407C83ACA28E442EADA6E456 /* SharedLibraryCoordinator.swift */ = {isa = PBXFileReference; lastKnownFileType = sourcecode.swift; path = SharedLibraryCoordinator.swift; sourceTree = "<group>"; };
		420CC7481F27D37D90912C4A /* BookFormView.swift */ = {isa = PBXFileReference; lastKnownFileType = sourcecode.swift; path = BookFormView.swift; sourceTree = "<group>"; };
		474C8AAAAA2E23371D030C8D /* CatalogService.swift */ = {isa = PBXFileReference; lastKnownFileType = sourcecode.swift; path = CatalogService.swift; sourceTree = "<group>"; };
		4C60EF49D4A2E46BBE98C6C1 /* BookDuplicateRepair.swift */ = {isa = PBXFileReference; lastKnownFileType = sourcecode.swift; path = BookDuplicateRepair.swift; sourceTree = "<group>"; };
		4D710F3248A8B830BA85A4AB /* ExportFormatGuide.swift */ = {isa = PBXFileReference; lastKnownFileType = sourcecode.swift; path = ExportFormatGuide.swift; sourceTree = "<group>"; };
		4FE4618EA580CEA09D2B2145 /* LibraryCoveTests.swift */ = {isa = PBXFileReference; lastKnownFileType = sourcecode.swift; path = LibraryCoveTests.swift; sourceTree = "<group>"; };
		572B0E293B7CC81FB4F4ED14 /* BookMastering.swift */ = {isa = PBXFileReference; lastKnownFileType = sourcecode.swift; path = BookMastering.swift; sourceTree = "<group>"; };
		57AA09FBA363FDDCE982E523 /* AIConfig.swift */ = {isa = PBXFileReference; lastKnownFileType = sourcecode.swift; path = AIConfig.swift; sourceTree = "<group>"; };
		58C947C02C0CACC2809FB34C /* LibraryCoveApp.swift */ = {isa = PBXFileReference; lastKnownFileType = sourcecode.swift; path = LibraryCoveApp.swift; sourceTree = "<group>"; };
		59D7FF358C6E993C9532C22D /* LibraryPDFExport.swift */ = {isa = PBXFileReference; lastKnownFileType = sourcecode.swift; path = LibraryPDFExport.swift; sourceTree = "<group>"; };
		5C938D002EF97DE5DEC8EACE /* SyncProvider.swift */ = {isa = PBXFileReference; lastKnownFileType = sourcecode.swift; path = SyncProvider.swift; sourceTree = "<group>"; };
		5C9A9AD04A8389EB7D1C1C30 /* BackupStore.swift */ = {isa = PBXFileReference; lastKnownFileType = sourcecode.swift; path = BackupStore.swift; sourceTree = "<group>"; };
		5E1C6D16E83835E543DF54F2 /* MANUAL-TESTING.md */ = {isa = PBXFileReference; lastKnownFileType = net.daringfireball.markdown; path = "MANUAL-TESTING.md"; sourceTree = "<group>"; };
		5F6828241142E2FFA94108D7 /* ShelfStore.swift */ = {isa = PBXFileReference; lastKnownFileType = sourcecode.swift; path = ShelfStore.swift; sourceTree = "<group>"; };
		60568F8C2FF9B25112988E02 /* AILog.swift */ = {isa = PBXFileReference; lastKnownFileType = sourcecode.swift; path = AILog.swift; sourceTree = "<group>"; };
		613A860A534A8684B30EA259 /* CoverImageStore.swift */ = {isa = PBXFileReference; lastKnownFileType = sourcecode.swift; path = CoverImageStore.swift; sourceTree = "<group>"; };
		631B01076AF533DED7FBA13A /* LocationStore.swift */ = {isa = PBXFileReference; lastKnownFileType = sourcecode.swift; path = LocationStore.swift; sourceTree = "<group>"; };
		63692AC5935AA581F65A494E /* AuthService.swift */ = {isa = PBXFileReference; lastKnownFileType = sourcecode.swift; path = AuthService.swift; sourceTree = "<group>"; };
		6C8D4A0258B8050B44A8A615 /* LibraryRetriever.swift */ = {isa = PBXFileReference; lastKnownFileType = sourcecode.swift; path = LibraryRetriever.swift; sourceTree = "<group>"; };
		6CC5909E8FACB6C9C6B85631 /* LibraryCoveUITests.swift */ = {isa = PBXFileReference; lastKnownFileType = sourcecode.swift; path = LibraryCoveUITests.swift; sourceTree = "<group>"; };
		6DE34E9552373F09A16F784A /* AIModels.swift */ = {isa = PBXFileReference; lastKnownFileType = sourcecode.swift; path = AIModels.swift; sourceTree = "<group>"; };
		70697CD6FB7E08D609131BE5 /* ShelfCategorizerTests.swift */ = {isa = PBXFileReference; lastKnownFileType = sourcecode.swift; path = ShelfCategorizerTests.swift; sourceTree = "<group>"; };
		730DFB529064FDA2653849B2 /* LibraryCoveTests.xctest */ = {isa = PBXFileReference; includeInIndex = 0; lastKnownFileType = wrapper.cfbundle; path = LibraryCoveTests.xctest; sourceTree = BUILT_PRODUCTS_DIR; };
		7439A924A23529C8EB8A6F87 /* SharedLibraryEngine.swift */ = {isa = PBXFileReference; lastKnownFileType = sourcecode.swift; path = SharedLibraryEngine.swift; sourceTree = "<group>"; };
		800C85F705062F215824B67B /* Assets.xcassets */ = {isa = PBXFileReference; lastKnownFileType = folder.assetcatalog; path = Assets.xcassets; sourceTree = "<group>"; };
		805FF4BF819A9897737AB444 /* ScanQueueStoreTests.swift */ = {isa = PBXFileReference; lastKnownFileType = sourcecode.swift; path = ScanQueueStoreTests.swift; sourceTree = "<group>"; };
		819810B792B9D8D8081CCC84 /* FictionClassifierView.swift */ = {isa = PBXFileReference; lastKnownFileType = sourcecode.swift; path = FictionClassifierView.swift; sourceTree = "<group>"; };
		81CD28209B51158D53D2CE77 /* MultiSelectFilterSheet.swift */ = {isa = PBXFileReference; lastKnownFileType = sourcecode.swift; path = MultiSelectFilterSheet.swift; sourceTree = "<group>"; };
		82D432F92F737332E449E2D8 /* ReadingList.swift */ = {isa = PBXFileReference; lastKnownFileType = sourcecode.swift; path = ReadingList.swift; sourceTree = "<group>"; };
		843751992516D7A70DDE2E98 /* LibraryExportDTOs.swift */ = {isa = PBXFileReference; lastKnownFileType = sourcecode.swift; path = LibraryExportDTOs.swift; sourceTree = "<group>"; };
		86870DD9F76E5AAFCF889635 /* ConversationMemory.swift */ = {isa = PBXFileReference; lastKnownFileType = sourcecode.swift; path = ConversationMemory.swift; sourceTree = "<group>"; };
		879330D2640D53E6B07D1D12 /* BookDetailView.swift */ = {isa = PBXFileReference; lastKnownFileType = sourcecode.swift; path = BookDetailView.swift; sourceTree = "<group>"; };
		88A1E789F05B1CE6BEF28BAE /* AppleIntelligenceProvider.swift */ = {isa = PBXFileReference; lastKnownFileType = sourcecode.swift; path = AppleIntelligenceProvider.swift; sourceTree = "<group>"; };
		8E9E94650797FC4FF53FF470 /* BackupDetailView.swift */ = {isa = PBXFileReference; lastKnownFileType = sourcecode.swift; path = BackupDetailView.swift; sourceTree = "<group>"; };
		8FC97C06B67C3FBD45AD6941 /* LibraryDataService.swift */ = {isa = PBXFileReference; lastKnownFileType = sourcecode.swift; path = LibraryDataService.swift; sourceTree = "<group>"; };
		9378B61813092CA7718B0309 /* LibraryDataService+ArchiveBooks.swift */ = {isa = PBXFileReference; lastKnownFileType = sourcecode.swift; path = "LibraryDataService+ArchiveBooks.swift"; sourceTree = "<group>"; };
		9385EE72F524938D7844319D /* MasteringAndClassifierTests.swift */ = {isa = PBXFileReference; lastKnownFileType = sourcecode.swift; path = MasteringAndClassifierTests.swift; sourceTree = "<group>"; };
		93F50C84CAADE351A33A75EA /* LibraryDataServiceTests.swift */ = {isa = PBXFileReference; lastKnownFileType = sourcecode.swift; path = LibraryDataServiceTests.swift; sourceTree = "<group>"; };
		9485B6DD41D29D7D9B96C8EE /* Info.plist */ = {isa = PBXFileReference; lastKnownFileType = text.plist; path = Info.plist; sourceTree = "<group>"; };
		9B8DFA70E147182B2DF5B70B /* AIService.swift */ = {isa = PBXFileReference; lastKnownFileType = sourcecode.swift; path = AIService.swift; sourceTree = "<group>"; };
		A29DC06FD5BA7010411123D2 /* PhotoCropView.swift */ = {isa = PBXFileReference; lastKnownFileType = sourcecode.swift; path = PhotoCropView.swift; sourceTree = "<group>"; };
		A38C4C27CCDAE0A942651A19 /* WelcomeView.swift */ = {isa = PBXFileReference; lastKnownFileType = sourcecode.swift; path = WelcomeView.swift; sourceTree = "<group>"; };
		AD105B59F812DF5EB0445B87 /* FictionClassifier.swift */ = {isa = PBXFileReference; lastKnownFileType = sourcecode.swift; path = FictionClassifier.swift; sourceTree = "<group>"; };
		B1F68A46FAA41AC80D5C0E10 /* ISBNScannerView.swift */ = {isa = PBXFileReference; lastKnownFileType = sourcecode.swift; path = ISBNScannerView.swift; sourceTree = "<group>"; };
		B3648AC227DE66F1955A2954 /* GreetingRenameTests.swift */ = {isa = PBXFileReference; lastKnownFileType = sourcecode.swift; path = GreetingRenameTests.swift; sourceTree = "<group>"; };
		B75CBF3F8BA0D3FA87E87611 /* AITests.swift */ = {isa = PBXFileReference; lastKnownFileType = sourcecode.swift; path = AITests.swift; sourceTree = "<group>"; };
		BC9A41FBBC13349A8560B10A /* AboutView.swift */ = {isa = PBXFileReference; lastKnownFileType = sourcecode.swift; path = AboutView.swift; sourceTree = "<group>"; };
		BFE56940DCBA01F21E07DD18 /* ScanQueueStore.swift */ = {isa = PBXFileReference; lastKnownFileType = sourcecode.swift; path = ScanQueueStore.swift; sourceTree = "<group>"; };
		C011F248612BA0A3A5916731 /* ZipArchive.swift */ = {isa = PBXFileReference; lastKnownFileType = sourcecode.swift; path = ZipArchive.swift; sourceTree = "<group>"; };
		C02087037FD461D4D7D1D0E3 /* BookDateRepair.swift */ = {isa = PBXFileReference; lastKnownFileType = sourcecode.swift; path = BookDateRepair.swift; sourceTree = "<group>"; };
		C068D85C2730FF4AA6CB4583 /* LibraryCove.app */ = {isa = PBXFileReference; includeInIndex = 0; lastKnownFileType = wrapper.application; path = LibraryCove.app; sourceTree = BUILT_PRODUCTS_DIR; };
		C1652A6F35E18E6459BCA5D8 /* SharedLibraryRecord.swift */ = {isa = PBXFileReference; lastKnownFileType = sourcecode.swift; path = SharedLibraryRecord.swift; sourceTree = "<group>"; };
		C29BC837621AF27DC2775241 /* SyncCoordinator.swift */ = {isa = PBXFileReference; lastKnownFileType = sourcecode.swift; path = SyncCoordinator.swift; sourceTree = "<group>"; };
		C44869DF584EC707A877F252 /* BackupsView.swift */ = {isa = PBXFileReference; lastKnownFileType = sourcecode.swift; path = BackupsView.swift; sourceTree = "<group>"; };
		C64026BA61B06F5581ECC18A /* AdvancedSettingsView.swift */ = {isa = PBXFileReference; lastKnownFileType = sourcecode.swift; path = AdvancedSettingsView.swift; sourceTree = "<group>"; };
		C6E521F99961E68EE93C794F /* CHANGELOG.md */ = {isa = PBXFileReference; lastKnownFileType = net.daringfireball.markdown; path = CHANGELOG.md; sourceTree = "<group>"; };
		C6E8A330E97780B2885797AF /* AIFeaturesTests.swift */ = {isa = PBXFileReference; lastKnownFileType = sourcecode.swift; path = AIFeaturesTests.swift; sourceTree = "<group>"; };
		C6F7F346D75B7A64BF0FEDAB /* SyncTests.swift */ = {isa = PBXFileReference; lastKnownFileType = sourcecode.swift; path = SyncTests.swift; sourceTree = "<group>"; };
		C70E20044857B7D8213F50D4 /* LibraryPDFExportTests.swift */ = {isa = PBXFileReference; lastKnownFileType = sourcecode.swift; path = LibraryPDFExportTests.swift; sourceTree = "<group>"; };
		C867BC5A92C34F8C7107E9BC /* WebSearchTests.swift */ = {isa = PBXFileReference; lastKnownFileType = sourcecode.swift; path = WebSearchTests.swift; sourceTree = "<group>"; };
		CA3814C7AF96A700B1B181B3 /* SharedLibraryTests.swift */ = {isa = PBXFileReference; lastKnownFileType = sourcecode.swift; path = SharedLibraryTests.swift; sourceTree = "<group>"; };
		CF9D78B1E6B59239F3253BD9 /* SettingsView.swift */ = {isa = PBXFileReference; lastKnownFileType = sourcecode.swift; path = SettingsView.swift; sourceTree = "<group>"; };
		D43D6E17D5675CDD7C76A052 /* SharedLibraryMirror.swift */ = {isa = PBXFileReference; lastKnownFileType = sourcecode.swift; path = SharedLibraryMirror.swift; sourceTree = "<group>"; };
		DA04E88EA8596412A10827BF /* AIAskView.swift */ = {isa = PBXFileReference; lastKnownFileType = sourcecode.swift; path = AIAskView.swift; sourceTree = "<group>"; };
		DFAA49DC8B172DAA6B5ECA8D /* DeleteLibrarySheet.swift */ = {isa = PBXFileReference; lastKnownFileType = sourcecode.swift; path = DeleteLibrarySheet.swift; sourceTree = "<group>"; };
		E2FD65D90180DE8F7F0C0C6E /* AddBookView.swift */ = {isa = PBXFileReference; lastKnownFileType = sourcecode.swift; path = AddBookView.swift; sourceTree = "<group>"; };
		EA8F1D81A354EF33EDF40841 /* Persistence.swift */ = {isa = PBXFileReference; lastKnownFileType = sourcecode.swift; path = Persistence.swift; sourceTree = "<group>"; };
		EAB88FA372525745721C68B6 /* LibraryCove.entitlements */ = {isa = PBXFileReference; lastKnownFileType = text.plist.entitlements; path = LibraryCove.entitlements; sourceTree = "<group>"; };
		EE81543984D7068E79C68613 /* WebSearch.swift */ = {isa = PBXFileReference; lastKnownFileType = sourcecode.swift; path = WebSearch.swift; sourceTree = "<group>"; };
		EEF657F0AFA1E1516F11E6EA /* LibraryCoveUITests.xctest */ = {isa = PBXFileReference; includeInIndex = 0; lastKnownFileType = wrapper.cfbundle; path = LibraryCoveUITests.xctest; sourceTree = BUILT_PRODUCTS_DIR; };
		EF3204E211191D7838B846B5 /* Note.swift */ = {isa = PBXFileReference; lastKnownFileType = sourcecode.swift; path = Note.swift; sourceTree = "<group>"; };
		EF52B777835B4B62203D509E /* SyncSettings.swift */ = {isa = PBXFileReference; lastKnownFileType = sourcecode.swift; path = SyncSettings.swift; sourceTree = "<group>"; };
		F356CB4E3C4D061CFA93DD90 /* ShelfCategorizer.swift */ = {isa = PBXFileReference; lastKnownFileType = sourcecode.swift; path = ShelfCategorizer.swift; sourceTree = "<group>"; };
		F6309B9D98181B8495D02410 /* AssignValuesSheet.swift */ = {isa = PBXFileReference; lastKnownFileType = sourcecode.swift; path = AssignValuesSheet.swift; sourceTree = "<group>"; };
		F69E85506FC987A4E642A1D6 /* CopyDeletePicker.swift */ = {isa = PBXFileReference; lastKnownFileType = sourcecode.swift; path = CopyDeletePicker.swift; sourceTree = "<group>"; };
		F71D73D6B03EFC6FD3FA58B0 /* LibrarySync.swift */ = {isa = PBXFileReference; lastKnownFileType = sourcecode.swift; path = LibrarySync.swift; sourceTree = "<group>"; };
		F9D70D16F6CB326CD2BBFE8E /* AskSuggestions.swift */ = {isa = PBXFileReference; lastKnownFileType = sourcecode.swift; path = AskSuggestions.swift; sourceTree = "<group>"; };
		FA36AD4ADC1657A6FB06E8EC /* ShelfCategoriesView.swift */ = {isa = PBXFileReference; lastKnownFileType = sourcecode.swift; path = ShelfCategoriesView.swift; sourceTree = "<group>"; };
		FB5118C5C5776F2484EC0C06 /* StopSharingMigrationTests.swift */ = {isa = PBXFileReference; lastKnownFileType = sourcecode.swift; path = StopSharingMigrationTests.swift; sourceTree = "<group>"; };
		FD45ABE9C8B08DD85A4F26DE /* RootView.swift */ = {isa = PBXFileReference; lastKnownFileType = sourcecode.swift; path = RootView.swift; sourceTree = "<group>"; };
		FE5A7F56050D2EA97A2F5292 /* Book.swift */ = {isa = PBXFileReference; lastKnownFileType = sourcecode.swift; path = Book.swift; sourceTree = "<group>"; };
		FF06E540D41058875FF285F9 /* LibraryContext.swift */ = {isa = PBXFileReference; lastKnownFileType = sourcecode.swift; path = LibraryContext.swift; sourceTree = "<group>"; };
/* End PBXFileReference section */

/* Begin PBXFrameworksBuildPhase section */
		07BEF9F1A46CC0FB5FA3CAE3 /* Frameworks */ = {
			isa = PBXFrameworksBuildPhase;
			buildActionMask = 2147483647;
			files = (
				8B0978549ED6D63608822913 /* MarkdownUI in Frameworks */,
			);
			runOnlyForDeploymentPostprocessing = 0;
		};
/* End PBXFrameworksBuildPhase section */

/* Begin PBXGroup section */
		07412073F274A4DDF7C0527A /* LibraryCoveTests */ = {
			isa = PBXGroup;
			children = (
				C6E8A330E97780B2885797AF /* AIFeaturesTests.swift */,
				B75CBF3F8BA0D3FA87E87611 /* AITests.swift */,
				4FE4618EA580CEA09D2B2145 /* LibraryCoveTests.swift */,
				93F50C84CAADE351A33A75EA /* LibraryDataServiceTests.swift */,
				C70E20044857B7D8213F50D4 /* LibraryPDFExportTests.swift */,
				9385EE72F524938D7844319D /* MasteringAndClassifierTests.swift */,
				805FF4BF819A9897737AB444 /* ScanQueueStoreTests.swift */,
				CA3814C7AF96A700B1B181B3 /* SharedLibraryTests.swift */,
				70697CD6FB7E08D609131BE5 /* ShelfCategorizerTests.swift */,
				FB5118C5C5776F2484EC0C06 /* StopSharingMigrationTests.swift */,
				C6F7F346D75B7A64BF0FEDAB /* SyncTests.swift */,
				C867BC5A92C34F8C7107E9BC /* WebSearchTests.swift */,
			);
			path = LibraryCoveTests;
			sourceTree = "<group>";
		};
		2D198D60E6517D24D434D182 /* Catalog */ = {
			isa = PBXGroup;
			children = (
				474C8AAAAA2E23371D030C8D /* CatalogService.swift */,
				1BB0D4B843CB0997D5F3BB94 /* GenreStore.swift */,
				631B01076AF533DED7FBA13A /* LocationStore.swift */,
			);
			path = Catalog;
			sourceTree = "<group>";
		};
		412CA79A59FABD8716BA369C = {
			isa = PBXGroup;
			children = (
				C6E521F99961E68EE93C794F /* CHANGELOG.md */,
				C52295B8D94F11539C4DBF52 /* LibraryCove */,
				07412073F274A4DDF7C0527A /* LibraryCoveTests */,
				FEFD7A78554311F7F208F23E /* LibraryCoveUITests */,
				9D656A39BCD370DD1DF07E17 /* Products */,
			);
			sourceTree = "<group>";
		};
		56AC474582482979D3F54167 /* Models */ = {
			isa = PBXGroup;
			children = (
				FE5A7F56050D2EA97A2F5292 /* Book.swift */,
				3C7C31947A3C7A5C490EA5A7 /* Connection.swift */,
				EF3204E211191D7838B846B5 /* Note.swift */,
				82D432F92F737332E449E2D8 /* ReadingList.swift */,
				38019619FEE54D8B6CFB1153 /* User.swift */,
			);
			path = Models;
			sourceTree = "<group>";
		};
		6A136C6AFAF97BBCFCAC4E6C /* Sync */ = {
			isa = PBXGroup;
			children = (
				F71D73D6B03EFC6FD3FA58B0 /* LibrarySync.swift */,
				C29BC837621AF27DC2775241 /* SyncCoordinator.swift */,
				5C938D002EF97DE5DEC8EACE /* SyncProvider.swift */,
				EF52B777835B4B62203D509E /* SyncSettings.swift */,
				944D29EF181BD30FA31DAB21 /* SharedLibrary */,
			);
			path = Sync;
			sourceTree = "<group>";
		};
		7D8B32C1BDC93A5CDACAF51A /* ViewModels */ = {
			isa = PBXGroup;
			children = (
				2926F23B1B3B74D735ECF300 /* LibraryViewModel.swift */,
			);
			path = ViewModels;
			sourceTree = "<group>";
		};
		83C6B7F727B178209F1CC674 /* AI */ = {
			isa = PBXGroup;
			children = (
				57AA09FBA363FDDCE982E523 /* AIConfig.swift */,
				60568F8C2FF9B25112988E02 /* AILog.swift */,
				6DE34E9552373F09A16F784A /* AIModels.swift */,
				9B8DFA70E147182B2DF5B70B /* AIService.swift */,
				88A1E789F05B1CE6BEF28BAE /* AppleIntelligenceProvider.swift */,
				F9D70D16F6CB326CD2BBFE8E /* AskSuggestions.swift */,
				86870DD9F76E5AAFCF889635 /* ConversationMemory.swift */,
				AD105B59F812DF5EB0445B87 /* FictionClassifier.swift */,
				293CD375A57C5A7D57C513C7 /* GenreCleanup.swift */,
				FF06E540D41058875FF285F9 /* LibraryContext.swift */,
				6C8D4A0258B8050B44A8A615 /* LibraryRetriever.swift */,
				293D31F3988AD1CD6BE3398B /* OpenAICompatibleProvider.swift */,
				F356CB4E3C4D061CFA93DD90 /* ShelfCategorizer.swift */,
				EE81543984D7068E79C68613 /* WebSearch.swift */,
			);
			path = AI;
			sourceTree = "<group>";
		};
		8715BA224BB6ED1D3CB35C7E /* App */ = {
			isa = PBXGroup;
			children = (
				58C947C02C0CACC2809FB34C /* LibraryCoveApp.swift */,
			);
			path = App;
			sourceTree = "<group>";
		};
		930B96E8E5E6114175871884 /* Services */ = {
			isa = PBXGroup;
			children = (
				5C9A9AD04A8389EB7D1C1C30 /* BackupStore.swift */,
				C02087037FD461D4D7D1D0E3 /* BookDateRepair.swift */,
				4C60EF49D4A2E46BBE98C6C1 /* BookDuplicateRepair.swift */,
				0F26E6B5D3205241081F15F7 /* BookIDRepair.swift */,
				572B0E293B7CC81FB4F4ED14 /* BookMastering.swift */,
				613A860A534A8684B30EA259 /* CoverImageStore.swift */,
				BFE56940DCBA01F21E07DD18 /* ScanQueueStore.swift */,
				5F6828241142E2FFA94108D7 /* ShelfStore.swift */,
				83C6B7F727B178209F1CC674 /* AI */,
				C49C8CDCF1F90FD251301144 /* Auth */,
				2D198D60E6517D24D434D182 /* Catalog */,
				9C0ED7FFDCB92F2C4DFB3523 /* Export */,
				6A136C6AFAF97BBCFCAC4E6C /* Sync */,
			);
			path = Services;
			sourceTree = "<group>";
		};
		944D29EF181BD30FA31DAB21 /* SharedLibrary */ = {
			isa = PBXGroup;
			children = (
				5E1C6D16E83835E543DF54F2 /* MANUAL-TESTING.md */,
				407C83ACA28E442EADA6E456 /* SharedLibraryCoordinator.swift */,
				7439A924A23529C8EB8A6F87 /* SharedLibraryEngine.swift */,
				D43D6E17D5675CDD7C76A052 /* SharedLibraryMirror.swift */,
				3C90AA78140D70FC0FF92009 /* SharedLibraryModels.swift */,
				C1652A6F35E18E6459BCA5D8 /* SharedLibraryRecord.swift */,
			);
			path = SharedLibrary;
			sourceTree = "<group>";
		};
		9C0ED7FFDCB92F2C4DFB3523 /* Export */ = {
			isa = PBXGroup;
			children = (
				4D710F3248A8B830BA85A4AB /* ExportFormatGuide.swift */,
				8FC97C06B67C3FBD45AD6941 /* LibraryDataService.swift */,
				9378B61813092CA7718B0309 /* LibraryDataService+ArchiveBooks.swift */,
				843751992516D7A70DDE2E98 /* LibraryExportDTOs.swift */,
				59D7FF358C6E993C9532C22D /* LibraryPDFExport.swift */,
				C011F248612BA0A3A5916731 /* ZipArchive.swift */,
			);
			path = Export;
			sourceTree = "<group>";
		};
		9D656A39BCD370DD1DF07E17 /* Products */ = {
			isa = PBXGroup;
			children = (
				C068D85C2730FF4AA6CB4583 /* LibraryCove.app */,
				730DFB529064FDA2653849B2 /* LibraryCoveTests.xctest */,
				EEF657F0AFA1E1516F11E6EA /* LibraryCoveUITests.xctest */,
			);
			name = Products;
			sourceTree = "<group>";
		};
		B341BE685B8009970512D084 /* Views */ = {
			isa = PBXGroup;
			children = (
				BC9A41FBBC13349A8560B10A /* AboutView.swift */,
				E2FD65D90180DE8F7F0C0C6E /* AddBookView.swift */,
				C64026BA61B06F5581ECC18A /* AdvancedSettingsView.swift */,
				DA04E88EA8596412A10827BF /* AIAskView.swift */,
				F6309B9D98181B8495D02410 /* AssignValuesSheet.swift */,
				8E9E94650797FC4FF53FF470 /* BackupDetailView.swift */,
				C44869DF584EC707A877F252 /* BackupsView.swift */,
				879330D2640D53E6B07D1D12 /* BookDetailView.swift */,
				420CC7481F27D37D90912C4A /* BookFormView.swift */,
				F69E85506FC987A4E642A1D6 /* CopyDeletePicker.swift */,
				DFAA49DC8B172DAA6B5ECA8D /* DeleteLibrarySheet.swift */,
				819810B792B9D8D8081CCC84 /* FictionClassifierView.swift */,
				092D43C18016AEAE255215A3 /* GenreCleanupView.swift */,
				B1F68A46FAA41AC80D5C0E10 /* ISBNScannerView.swift */,
				251BB09509CE032E1C9352E8 /* LibraryView.swift */,
				81CD28209B51158D53D2CE77 /* MultiSelectFilterSheet.swift */,
				A29DC06FD5BA7010411123D2 /* PhotoCropView.swift */,
				FD45ABE9C8B08DD85A4F26DE /* RootView.swift */,
				CF9D78B1E6B59239F3253BD9 /* SettingsView.swift */,
				FA36AD4ADC1657A6FB06E8EC /* ShelfCategoriesView.swift */,
				A38C4C27CCDAE0A942651A19 /* WelcomeView.swift */,
			);
			path = Views;
			sourceTree = "<group>";
		};
		BFE876F272F20387D4BAAD22 /* Persistence */ = {
			isa = PBXGroup;
			children = (
				EA8F1D81A354EF33EDF40841 /* Persistence.swift */,
			);
			path = Persistence;
			sourceTree = "<group>";
		};
		C49C8CDCF1F90FD251301144 /* Auth */ = {
			isa = PBXGroup;
			children = (
				63692AC5935AA581F65A494E /* AuthService.swift */,
			);
			path = Auth;
			sourceTree = "<group>";
		};
		C52295B8D94F11539C4DBF52 /* LibraryCove */ = {
			isa = PBXGroup;
			children = (
				800C85F705062F215824B67B /* Assets.xcassets */,
				9485B6DD41D29D7D9B96C8EE /* Info.plist */,
				EAB88FA372525745721C68B6 /* LibraryCove.entitlements */,
				8715BA224BB6ED1D3CB35C7E /* App */,
				56AC474582482979D3F54167 /* Models */,
				BFE876F272F20387D4BAAD22 /* Persistence */,
				930B96E8E5E6114175871884 /* Services */,
				7D8B32C1BDC93A5CDACAF51A /* ViewModels */,
				B341BE685B8009970512D084 /* Views */,
			);
			path = LibraryCove;
			sourceTree = "<group>";
		};
		FEFD7A78554311F7F208F23E /* LibraryCoveUITests */ = {
			isa = PBXGroup;
			children = (
				B3648AC227DE66F1955A2954 /* GreetingRenameTests.swift */,
				6CC5909E8FACB6C9C6B85631 /* LibraryCoveUITests.swift */,
			);
			path = LibraryCoveUITests;
			sourceTree = "<group>";
		};
/* End PBXGroup section */

/* Begin PBXNativeTarget section */
		206A670D4831FDD7F4FCE3BC /* LibraryCoveTests */ = {
			isa = PBXNativeTarget;
			buildConfigurationList = D3923EE41CBE78281AD42B7D /* Build configuration list for PBXNativeTarget "LibraryCoveTests" */;
			buildPhases = (
				2848172870BC4DA82286385A /* Sources */,
			);
			buildRules = (
			);
			dependencies = (
				46C720F2EEDCFA0EE20F3656 /* PBXTargetDependency */,
			);
			name = LibraryCoveTests;
			packageProductDependencies = (
			);
			productName = LibraryCoveTests;
			productReference = 730DFB529064FDA2653849B2 /* LibraryCoveTests.xctest */;
			productType = "com.apple.product-type.bundle.unit-test";
		};
		8A38E31277E6B788FB1D201D /* LibraryCove */ = {
			isa = PBXNativeTarget;
			buildConfigurationList = 939095686D9221704DC49B74 /* Build configuration list for PBXNativeTarget "LibraryCove" */;
			buildPhases = (
				E45918EFA815645604B53B8C /* Sources */,
				3E1568E0747E147B42C3C938 /* Resources */,
				07BEF9F1A46CC0FB5FA3CAE3 /* Frameworks */,
			);
			buildRules = (
			);
			dependencies = (
			);
			name = LibraryCove;
			packageProductDependencies = (
				E5BB8990A333EC21F123A841 /* MarkdownUI */,
			);
			productName = LibraryCove;
			productReference = C068D85C2730FF4AA6CB4583 /* LibraryCove.app */;
			productType = "com.apple.product-type.application";
		};
		F8ADDFD70615295442378E33 /* LibraryCoveUITests */ = {
			isa = PBXNativeTarget;
			buildConfigurationList = BEB36BF3B2A1E99663F39DEC /* Build configuration list for PBXNativeTarget "LibraryCoveUITests" */;
			buildPhases = (
				15E8F4EE989D82E5893AF05C /* Sources */,
			);
			buildRules = (
			);
			dependencies = (
				F73C2A5536535AD6BE745AE3 /* PBXTargetDependency */,
			);
			name = LibraryCoveUITests;
			packageProductDependencies = (
			);
			productName = LibraryCoveUITests;
			productReference = EEF657F0AFA1E1516F11E6EA /* LibraryCoveUITests.xctest */;
			productType = "com.apple.product-type.bundle.ui-testing";
		};
/* End PBXNativeTarget section */

/* Begin PBXProject section */
		C28CF4057661C5AC03044E22 /* Project object */ = {
			isa = PBXProject;
			attributes = {
				BuildIndependentTargetsInParallel = YES;
				LastUpgradeCheck = 2650;
				TargetAttributes = {
					F8ADDFD70615295442378E33 = {
						TestTargetID = 8A38E31277E6B788FB1D201D;
					};
				};
			};
			buildConfigurationList = 48D451C6BF3287B42CF7E8D7 /* Build configuration list for PBXProject "LibraryCove" */;
			developmentRegion = en;
			hasScannedForEncodings = 0;
			knownRegions = (
				Base,
				en,
			);
			mainGroup = 412CA79A59FABD8716BA369C;
			minimizedProjectReferenceProxies = 1;
			packageReferences = (
				67604D810CE1B76E06E08199 /* XCRemoteSwiftPackageReference "MarkdownUI" */,
			);
			preferredProjectObjectVersion = 77;
			productRefGroup = 9D656A39BCD370DD1DF07E17 /* Products */;
			projectDirPath = "";
			projectRoot = "";
			targets = (
				8A38E31277E6B788FB1D201D /* LibraryCove */,
				206A670D4831FDD7F4FCE3BC /* LibraryCoveTests */,
				F8ADDFD70615295442378E33 /* LibraryCoveUITests */,
			);
		};
/* End PBXProject section */

/* Begin PBXResourcesBuildPhase section */
		3E1568E0747E147B42C3C938 /* Resources */ = {
			isa = PBXResourcesBuildPhase;
			buildActionMask = 2147483647;
			files = (
				B65CA5149E373620C70AF2C6 /* Assets.xcassets in Resources */,
				481487D23023264A3DC3393E /* CHANGELOG.md in Resources */,
				B34E809EC7201B78809C6979 /* MANUAL-TESTING.md in Resources */,
			);
			runOnlyForDeploymentPostprocessing = 0;
		};
/* End PBXResourcesBuildPhase section */

/* Begin PBXSourcesBuildPhase section */
		15E8F4EE989D82E5893AF05C /* Sources */ = {
			isa = PBXSourcesBuildPhase;
			buildActionMask = 2147483647;
			files = (
				1E7AC6132CAF0D31BFA425E2 /* GreetingRenameTests.swift in Sources */,
				AB9642FF9D4FEB12D157230E /* LibraryCoveUITests.swift in Sources */,
			);
			runOnlyForDeploymentPostprocessing = 0;
		};
		2848172870BC4DA82286385A /* Sources */ = {
			isa = PBXSourcesBuildPhase;
			buildActionMask = 2147483647;
			files = (
				A224A1AE89BB0852B0916DC2 /* AIFeaturesTests.swift in Sources */,
				415E354779E93196CDF86AC6 /* AITests.swift in Sources */,
				C4772301455409DB9EA18D41 /* LibraryCoveTests.swift in Sources */,
				105377F7288FA64310147BF6 /* LibraryDataServiceTests.swift in Sources */,
				7EBBBACE1070800C7F1CCD63 /* LibraryPDFExportTests.swift in Sources */,
				3204DC79AC1E225302FF1CF9 /* MasteringAndClassifierTests.swift in Sources */,
				B43286294A6E05E7E9E1931D /* ScanQueueStoreTests.swift in Sources */,
				3A9841CBAE496E1F8B01E604 /* SharedLibraryTests.swift in Sources */,
				CFA5AD6A90EC419506E4C4BB /* ShelfCategorizerTests.swift in Sources */,
				E7814E33AA443721EF1CCFAB /* StopSharingMigrationTests.swift in Sources */,
				006E1D19CA0376B4CB0BC8E7 /* SyncTests.swift in Sources */,
				582A2CD27D76F6494B202BEA /* WebSearchTests.swift in Sources */,
			);
			runOnlyForDeploymentPostprocessing = 0;
		};
		E45918EFA815645604B53B8C /* Sources */ = {
			isa = PBXSourcesBuildPhase;
			buildActionMask = 2147483647;
			files = (
				078C797EE89C2CA8CFF3AD00 /* AIAskView.swift in Sources */,
				4A843E6085F086F61B90897D /* AIConfig.swift in Sources */,
				EC6B4F5E3217832234CFDA58 /* AILog.swift in Sources */,
				6536D73E660E13DF24F4256F /* AIModels.swift in Sources */,
				62F278C766B0837F09ED8660 /* AIService.swift in Sources */,
				3415684FA322B72A6DC1E471 /* AboutView.swift in Sources */,
				59AD650EB81B3D08B3486871 /* AddBookView.swift in Sources */,
				DFDB118EFC683216D9AD832B /* AdvancedSettingsView.swift in Sources */,
				2258029820ED360F7ED9EB0A /* AppleIntelligenceProvider.swift in Sources */,
				D24A30A1D37E97E9BF3C8EC5 /* AskSuggestions.swift in Sources */,
				E0ED3582C37823043D0AA5B5 /* AssignValuesSheet.swift in Sources */,
				1F938106147677D56A0E4692 /* AuthService.swift in Sources */,
				20CCCD758E10C89DACBE559B /* BackupDetailView.swift in Sources */,
				4B9516D72CF280A4ED8C4696 /* BackupStore.swift in Sources */,
				6232AFFCDC756947FC756F94 /* BackupsView.swift in Sources */,
				77155B1A3685C6D28C37221B /* Book.swift in Sources */,
				687FA0D8F238AD7269653F59 /* BookDateRepair.swift in Sources */,
				408232ECE5E9C1F012AAB46E /* BookDetailView.swift in Sources */,
				DDEAFB6EC8F5A295BE927AF4 /* BookDuplicateRepair.swift in Sources */,
				69AB41ABD1AF3A18FBE7C5F0 /* BookFormView.swift in Sources */,
				E5229796998C84B6F53CA74E /* BookIDRepair.swift in Sources */,
				8BC3805BEC3442DB8989D8AC /* BookMastering.swift in Sources */,
				F3083778201C5DA7FC1738A2 /* CatalogService.swift in Sources */,
				9F75747BF40F76516B82ABD5 /* Connection.swift in Sources */,
				C1CC389D5ACAB142279EA0C4 /* ConversationMemory.swift in Sources */,
				B4365F596EAFE3AE5487A9EE /* CopyDeletePicker.swift in Sources */,
				218A1C024D2299D73924C5BA /* CoverImageStore.swift in Sources */,
				E50EC66F719DFD6E89D853B7 /* DeleteLibrarySheet.swift in Sources */,
				6D5E3BBD794062BE5E34B6AE /* ExportFormatGuide.swift in Sources */,
				D86F7752E2772295D9338A70 /* FictionClassifier.swift in Sources */,
				F2EE5C81D5B49CD370F0E923 /* FictionClassifierView.swift in Sources */,
				AB4DFB776DC440C18A4B5EB3 /* GenreCleanup.swift in Sources */,
				63C01F8E41EEC314F6D23D87 /* GenreCleanupView.swift in Sources */,
				CDF419E694EF0BE0D1385A02 /* GenreStore.swift in Sources */,
				A2CFEE49C97A1B58B5056225 /* ISBNScannerView.swift in Sources */,
				154AC76B4EF91DB6A7EAC5F3 /* LibraryContext.swift in Sources */,
				67374DB984295CE6881B89EE /* LibraryCoveApp.swift in Sources */,
				77C73ABC12E5D02DA69E72B5 /* LibraryDataService+ArchiveBooks.swift in Sources */,
				D793B9297FBCB7F9F2F3B63B /* LibraryDataService.swift in Sources */,
				80A35C4ED9E3F1DDA74A7ACA /* LibraryExportDTOs.swift in Sources */,
				03573280A6566BDDF955A015 /* LibraryPDFExport.swift in Sources */,
				42205CB1D580DB5218E23F3A /* LibraryRetriever.swift in Sources */,
				5F14895C0AEC0944D2B0D132 /* LibrarySync.swift in Sources */,
				881DCB56743F76CF038108FE /* LibraryView.swift in Sources */,
				429A8A062BD4FD2E69362281 /* LibraryViewModel.swift in Sources */,
				868F8D72F7D13A480E0854B6 /* LocationStore.swift in Sources */,
				96C27A2A506075F9B9B98700 /* MultiSelectFilterSheet.swift in Sources */,
				115466A47AC1572A946E79D0 /* Note.swift in Sources */,
				6A80E115A00F2B1F56DF5FDE /* OpenAICompatibleProvider.swift in Sources */,
				64AA32DA2F8F2D21220EC6B3 /* Persistence.swift in Sources */,
				BA8DF5DFEF3C5CD61085B02E /* PhotoCropView.swift in Sources */,
				D936167CD4C8E7B46E84E1AC /* ReadingList.swift in Sources */,
				F90715CC5CA30B3EB8E4ED1C /* RootView.swift in Sources */,
				7641284B6EC5A7F64408529A /* ScanQueueStore.swift in Sources */,
				448C6FDC0D27A83531106DA8 /* SettingsView.swift in Sources */,
				D095EA55BEFEB2AA6CEB7DC8 /* SharedLibraryCoordinator.swift in Sources */,
				08481702354F5FDE99A16202 /* SharedLibraryEngine.swift in Sources */,
				13816A00FBC090525B76F612 /* SharedLibraryMirror.swift in Sources */,
				81D36BEDDFC9EEEE5315FC08 /* SharedLibraryModels.swift in Sources */,
				C20CB78D594627DF7BD71EA7 /* SharedLibraryRecord.swift in Sources */,
				C0455C2B86B55B99A240A652 /* ShelfCategoriesView.swift in Sources */,
				98F66CE50A6AD2BB69FEDD5F /* ShelfCategorizer.swift in Sources */,
				6F8752BCC1FE73A06D8F48D3 /* ShelfStore.swift in Sources */,
				075B5DFDF32C339D2F80A48A /* SyncCoordinator.swift in Sources */,
				774F60FA5F718BF106C3A18B /* SyncProvider.swift in Sources */,
				B880151FCDB82C06B5D6DE72 /* SyncSettings.swift in Sources */,
				40A539875C869D7D39CF1F99 /* User.swift in Sources */,
				15CCFF7D779DD928E43019F0 /* WebSearch.swift in Sources */,
				0D35714F2D17C778EF03B4D1 /* WelcomeView.swift in Sources */,
				8F8EDBF92BAE196C11A99FCE /* ZipArchive.swift in Sources */,
			);
			runOnlyForDeploymentPostprocessing = 0;
		};
/* End PBXSourcesBuildPhase section */

/* Begin PBXTargetDependency section */
		46C720F2EEDCFA0EE20F3656 /* PBXTargetDependency */ = {
			isa = PBXTargetDependency;
			target = 8A38E31277E6B788FB1D201D /* LibraryCove */;
			targetProxy = 47FF317DE0F43C7804FE2D5F /* PBXContainerItemProxy */;
		};
		F73C2A5536535AD6BE745AE3 /* PBXTargetDependency */ = {
			isa = PBXTargetDependency;
			target = 8A38E31277E6B788FB1D201D /* LibraryCove */;
			targetProxy = A39ECBB17677BF1D0ED4734F /* PBXContainerItemProxy */;
		};
/* End PBXTargetDependency section */

/* Begin XCBuildConfiguration section */
		0133AF5E78E02C203C4C8D56 /* Release */ = {
			isa = XCBuildConfiguration;
			buildSettings = {
				BUNDLE_LOADER = "$(TEST_HOST)";
				GENERATE_INFOPLIST_FILE = YES;
				IPHONEOS_DEPLOYMENT_TARGET = 17.0;
				LD_RUNPATH_SEARCH_PATHS = (
					"$(inherited)",
					"@executable_path/Frameworks",
					"@loader_path/Frameworks",
				);
				PRODUCT_BUNDLE_IDENTIFIER = com.librarycove.LibraryCoveUITests;
				SDKROOT = iphoneos;
				TARGETED_DEVICE_FAMILY = "1,2";
				TEST_TARGET_NAME = LibraryCove;
			};
			name = Release;
		};
		381F658C881745A07BEB8C2F /* Release */ = {
			isa = XCBuildConfiguration;
			buildSettings = {
				ALWAYS_SEARCH_USER_PATHS = NO;
				CLANG_ANALYZER_NONNULL = YES;
				CLANG_ANALYZER_NUMBER_OBJECT_CONVERSION = YES_AGGRESSIVE;
				CLANG_CXX_LANGUAGE_STANDARD = "gnu++14";
				CLANG_CXX_LIBRARY = "libc++";
				CLANG_ENABLE_MODULES = YES;
				CLANG_ENABLE_OBJC_ARC = YES;
				CLANG_ENABLE_OBJC_WEAK = YES;
				CLANG_WARN_BLOCK_CAPTURE_AUTORELEASING = YES;
				CLANG_WARN_BOOL_CONVERSION = YES;
				CLANG_WARN_COMMA = YES;
				CLANG_WARN_CONSTANT_CONVERSION = YES;
				CLANG_WARN_DEPRECATED_OBJC_IMPLEMENTATIONS = YES;
				CLANG_WARN_DIRECT_OBJC_ISA_USAGE = YES_ERROR;
				CLANG_WARN_DOCUMENTATION_COMMENTS = YES;
				CLANG_WARN_EMPTY_BODY = YES;
				CLANG_WARN_ENUM_CONVERSION = YES;
				CLANG_WARN_INFINITE_RECURSION = YES;
				CLANG_WARN_INT_CONVERSION = YES;
				CLANG_WARN_NON_LITERAL_NULL_CONVERSION = YES;
				CLANG_WARN_OBJC_IMPLICIT_RETAIN_SELF = YES;
				CLANG_WARN_OBJC_LITERAL_CONVERSION = YES;
				CLANG_WARN_OBJC_ROOT_CLASS = YES_ERROR;
				CLANG_WARN_QUOTED_INCLUDE_IN_FRAMEWORK_HEADER = YES;
				CLANG_WARN_RANGE_LOOP_ANALYSIS = YES;
				CLANG_WARN_STRICT_PROTOTYPES = YES;
				CLANG_WARN_SUSPICIOUS_MOVE = YES;
				CLANG_WARN_UNGUARDED_AVAILABILITY = YES_AGGRESSIVE;
				CLANG_WARN_UNREACHABLE_CODE = YES;
				CLANG_WARN__DUPLICATE_METHOD_MATCH = YES;
				COPY_PHASE_STRIP = NO;
				DEBUG_INFORMATION_FORMAT = "dwarf-with-dsym";
				ENABLE_NS_ASSERTIONS = NO;
				ENABLE_STRICT_OBJC_MSGSEND = YES;
				ENABLE_USER_AGREEMENT = NO;
				GCC_C_LANGUAGE_STANDARD = gnu11;
				GCC_NO_COMMON_BLOCKS = YES;
				GCC_WARN_64_TO_32_BIT_CONVERSION = YES;
				GCC_WARN_ABOUT_RETURN_TYPE = YES_ERROR;
				GCC_WARN_UNDECLARED_SELECTOR = YES;
				GCC_WARN_UNINITIALIZED_AUTOS = YES_AGGRESSIVE;
				GCC_WARN_UNUSED_FUNCTION = YES;
				GCC_WARN_UNUSED_VARIABLE = YES;
				IPHONEOS_DEPLOYMENT_TARGET = 17.0;
				MTL_ENABLE_DEBUG_INFO = NO;
				MTL_FAST_MATH = YES;
				PRODUCT_NAME = "$(TARGET_NAME)";
				SDKROOT = iphoneos;
				SWIFT_COMPILATION_MODE = wholemodule;
				SWIFT_OPTIMIZATION_LEVEL = "-O";
				SWIFT_VERSION = 5.9;
				TARGETED_DEVICE_FAMILY = "1,2";
			};
			name = Release;
		};
		3CAF965B5946C33EE3FF3FEC /* Debug */ = {
			isa = XCBuildConfiguration;
			buildSettings = {
				BUNDLE_LOADER = "$(TEST_HOST)";
				GENERATE_INFOPLIST_FILE = YES;
				IPHONEOS_DEPLOYMENT_TARGET = 17.0;
				LD_RUNPATH_SEARCH_PATHS = (
					"$(inherited)",
					"@executable_path/Frameworks",
					"@loader_path/Frameworks",
				);
				PRODUCT_BUNDLE_IDENTIFIER = com.librarycove.LibraryCoveTests;
				SDKROOT = iphoneos;
				TARGETED_DEVICE_FAMILY = "1,2";
				TEST_HOST = "$(BUILT_PRODUCTS_DIR)/LibraryCove.app/LibraryCove";
			};
			name = Debug;
		};
		4ABD92B1400546EC8E85AA01 /* Debug */ = {
			isa = XCBuildConfiguration;
			buildSettings = {
				BUNDLE_LOADER = "$(TEST_HOST)";
				GENERATE_INFOPLIST_FILE = YES;
				IPHONEOS_DEPLOYMENT_TARGET = 17.0;
				LD_RUNPATH_SEARCH_PATHS = (
					"$(inherited)",
					"@executable_path/Frameworks",
					"@loader_path/Frameworks",
				);
				PRODUCT_BUNDLE_IDENTIFIER = com.librarycove.LibraryCoveUITests;
				SDKROOT = iphoneos;
				TARGETED_DEVICE_FAMILY = "1,2";
				TEST_TARGET_NAME = LibraryCove;
			};
			name = Debug;
		};
		5050A006786307A89DDAD168 /* Debug */ = {
			isa = XCBuildConfiguration;
			buildSettings = {
				ASSETCATALOG_COMPILER_APPICON_NAME = AppIcon;
				ASSETCATALOG_COMPILER_GLOBAL_ACCENT_COLOR_NAME = AccentColor;
				CODE_SIGN_ENTITLEMENTS = LibraryCove/LibraryCove.entitlements;
				CODE_SIGN_IDENTITY = "iPhone Developer";
				INFOPLIST_FILE = LibraryCove/Info.plist;
				IPHONEOS_DEPLOYMENT_TARGET = 17.0;
				LD_RUNPATH_SEARCH_PATHS = (
					"$(inherited)",
					"@executable_path/Frameworks",
				);
				PRODUCT_BUNDLE_IDENTIFIER = com.librarycove.app;
				SDKROOT = iphoneos;
				TARGETED_DEVICE_FAMILY = "1,2";
			};
			name = Debug;
		};
		63961CD1BA33F5CD2D96DF38 /* Release */ = {
			isa = XCBuildConfiguration;
			buildSettings = {
				ASSETCATALOG_COMPILER_APPICON_NAME = AppIcon;
				ASSETCATALOG_COMPILER_GLOBAL_ACCENT_COLOR_NAME = AccentColor;
				CODE_SIGN_ENTITLEMENTS = LibraryCove/LibraryCove.entitlements;
				CODE_SIGN_IDENTITY = "iPhone Developer";
				INFOPLIST_FILE = LibraryCove/Info.plist;
				IPHONEOS_DEPLOYMENT_TARGET = 17.0;
				LD_RUNPATH_SEARCH_PATHS = (
					"$(inherited)",
					"@executable_path/Frameworks",
				);
				PRODUCT_BUNDLE_IDENTIFIER = com.librarycove.app;
				SDKROOT = iphoneos;
				TARGETED_DEVICE_FAMILY = "1,2";
			};
			name = Release;
		};
		A6C9DC3F415F262436775192 /* Release */ = {
			isa = XCBuildConfiguration;
			buildSettings = {
				BUNDLE_LOADER = "$(TEST_HOST)";
				GENERATE_INFOPLIST_FILE = YES;
				IPHONEOS_DEPLOYMENT_TARGET = 17.0;
				LD_RUNPATH_SEARCH_PATHS = (
					"$(inherited)",
					"@executable_path/Frameworks",
					"@loader_path/Frameworks",
				);
				PRODUCT_BUNDLE_IDENTIFIER = com.librarycove.LibraryCoveTests;
				SDKROOT = iphoneos;
				TARGETED_DEVICE_FAMILY = "1,2";
				TEST_HOST = "$(BUILT_PRODUCTS_DIR)/LibraryCove.app/LibraryCove";
			};
			name = Release;
		};
		D10700302F809ADE0C39CF98 /* Debug */ = {
			isa = XCBuildConfiguration;
			buildSettings = {
				ALWAYS_SEARCH_USER_PATHS = NO;
				CLANG_ANALYZER_NONNULL = YES;
				CLANG_ANALYZER_NUMBER_OBJECT_CONVERSION = YES_AGGRESSIVE;
				CLANG_CXX_LANGUAGE_STANDARD = "gnu++14";
				CLANG_CXX_LIBRARY = "libc++";
				CLANG_ENABLE_MODULES = YES;
				CLANG_ENABLE_OBJC_ARC = YES;
				CLANG_ENABLE_OBJC_WEAK = YES;
				CLANG_WARN_BLOCK_CAPTURE_AUTORELEASING = YES;
				CLANG_WARN_BOOL_CONVERSION = YES;
				CLANG_WARN_COMMA = YES;
				CLANG_WARN_CONSTANT_CONVERSION = YES;
				CLANG_WARN_DEPRECATED_OBJC_IMPLEMENTATIONS = YES;
				CLANG_WARN_DIRECT_OBJC_ISA_USAGE = YES_ERROR;
				CLANG_WARN_DOCUMENTATION_COMMENTS = YES;
				CLANG_WARN_EMPTY_BODY = YES;
				CLANG_WARN_ENUM_CONVERSION = YES;
				CLANG_WARN_INFINITE_RECURSION = YES;
				CLANG_WARN_INT_CONVERSION = YES;
				CLANG_WARN_NON_LITERAL_NULL_CONVERSION = YES;
				CLANG_WARN_OBJC_IMPLICIT_RETAIN_SELF = YES;
				CLANG_WARN_OBJC_LITERAL_CONVERSION = YES;
				CLANG_WARN_OBJC_ROOT_CLASS = YES_ERROR;
				CLANG_WARN_QUOTED_INCLUDE_IN_FRAMEWORK_HEADER = YES;
				CLANG_WARN_RANGE_LOOP_ANALYSIS = YES;
				CLANG_WARN_STRICT_PROTOTYPES = YES;
				CLANG_WARN_SUSPICIOUS_MOVE = YES;
				CLANG_WARN_UNGUARDED_AVAILABILITY = YES_AGGRESSIVE;
				CLANG_WARN_UNREACHABLE_CODE = YES;
				CLANG_WARN__DUPLICATE_METHOD_MATCH = YES;
				COPY_PHASE_STRIP = NO;
				DEBUG_INFORMATION_FORMAT = dwarf;
				ENABLE_STRICT_OBJC_MSGSEND = YES;
				ENABLE_TESTABILITY = YES;
				ENABLE_USER_AGREEMENT = NO;
				GCC_C_LANGUAGE_STANDARD = gnu11;
				GCC_DYNAMIC_NO_PIC = NO;
				GCC_NO_COMMON_BLOCKS = YES;
				GCC_OPTIMIZATION_LEVEL = 0;
				GCC_PREPROCESSOR_DEFINITIONS = (
					"$(inherited)",
					"DEBUG=1",
				);
				GCC_WARN_64_TO_32_BIT_CONVERSION = YES;
				GCC_WARN_ABOUT_RETURN_TYPE = YES_ERROR;
				GCC_WARN_UNDECLARED_SELECTOR = YES;
				GCC_WARN_UNINITIALIZED_AUTOS = YES_AGGRESSIVE;
				GCC_WARN_UNUSED_FUNCTION = YES;
				GCC_WARN_UNUSED_VARIABLE = YES;
				IPHONEOS_DEPLOYMENT_TARGET = 17.0;
				MTL_ENABLE_DEBUG_INFO = INCLUDE_SOURCE;
				MTL_FAST_MATH = YES;
				ONLY_ACTIVE_ARCH = YES;
				PRODUCT_NAME = "$(TARGET_NAME)";
				SDKROOT = iphoneos;
				SWIFT_ACTIVE_COMPILATION_CONDITIONS = DEBUG;
				SWIFT_OPTIMIZATION_LEVEL = "-Onone";
				SWIFT_VERSION = 5.9;
				TARGETED_DEVICE_FAMILY = "1,2";
			};
			name = Debug;
		};
/* End XCBuildConfiguration section */

/* Begin XCConfigurationList section */
		48D451C6BF3287B42CF7E8D7 /* Build configuration list for PBXProject "LibraryCove" */ = {
			isa = XCConfigurationList;
			buildConfigurations = (
				D10700302F809ADE0C39CF98 /* Debug */,
				381F658C881745A07BEB8C2F /* Release */,
			);
			defaultConfigurationIsVisible = 0;
			defaultConfigurationName = Debug;
		};
		939095686D9221704DC49B74 /* Build configuration list for PBXNativeTarget "LibraryCove" */ = {
			isa = XCConfigurationList;
			buildConfigurations = (
				5050A006786307A89DDAD168 /* Debug */,
				63961CD1BA33F5CD2D96DF38 /* Release */,
			);
			defaultConfigurationIsVisible = 0;
			defaultConfigurationName = Debug;
		};
		BEB36BF3B2A1E99663F39DEC /* Build configuration list for PBXNativeTarget "LibraryCoveUITests" */ = {
			isa = XCConfigurationList;
			buildConfigurations = (
				4ABD92B1400546EC8E85AA01 /* Debug */,
				0133AF5E78E02C203C4C8D56 /* Release */,
			);
			defaultConfigurationIsVisible = 0;
			defaultConfigurationName = Debug;
		};
		D3923EE41CBE78281AD42B7D /* Build configuration list for PBXNativeTarget "LibraryCoveTests" */ = {
			isa = XCConfigurationList;
			buildConfigurations = (
				3CAF965B5946C33EE3FF3FEC /* Debug */,
				A6C9DC3F415F262436775192 /* Release */,
			);
			defaultConfigurationIsVisible = 0;
			defaultConfigurationName = Debug;
		};
/* End XCConfigurationList section */

/* Begin XCRemoteSwiftPackageReference section */
		67604D810CE1B76E06E08199 /* XCRemoteSwiftPackageReference "MarkdownUI" */ = {
			isa = XCRemoteSwiftPackageReference;
			repositoryURL = "https://github.com/gonzalezreal/MarkdownUI";
			requirement = {
				kind = exactVersion;
				version = 2.4.1;
			};
		};
/* End XCRemoteSwiftPackageReference section */

/* Begin XCSwiftPackageProductDependency section */
		E5BB8990A333EC21F123A841 /* MarkdownUI */ = {
			isa = XCSwiftPackageProductDependency;
			package = 67604D810CE1B76E06E08199 /* XCRemoteSwiftPackageReference "MarkdownUI" */;
			productName = MarkdownUI;
		};
/* End XCSwiftPackageProductDependency section */
	};
	rootObject = C28CF4057661C5AC03044E22 /* Project object */;
}
